// !$*UTF8*$!
{
	archiveVersion = 1;
	classes = {
	};
	objectVersion = 50;
	objects = {

/* Begin PBXBuildFile section */
		7E4D48CA248CBAE900421514 /* main.m in Sources */ = {isa = PBXBuildFile; fileRef = 7E4D48C9248CBAE900421514 /* main.m */; };
		7E4D48D2248CBEE800421514 /* YZPerson.m in Sources */ = {isa = PBXBuildFile; fileRef = 7E4D48D1248CBEE800421514 /* YZPerson.m */; };
		7E4D48D5248CBFFC00421514 /* YZDog.m in Sources */ = {isa = PBXBuildFile; fileRef = 7E4D48D4248CBFFC00421514 /* YZDog.m */; };
/* End PBXBuildFile section */

/* Begin PBXCopyFilesBuildPhase section */
		7E4D48C4248CBAE900421514 /* CopyFiles */ = {
			isa = PBXCopyFilesBuildPhase;
			buildActionMask = 2147483647;
			dstPath = /usr/share/man/man1/;
			dstSubfolderSpec = 0;
			files = (
			);
			runOnlyForDeploymentPostprocessing = 1;
		};
/* End PBXCopyFilesBuildPhase section */

/* Begin PBXFileReference section */
		7E4D48C6248CBAE900421514 /* 内存管理MRC */ = {isa = PBXFileReference; explicitFileType = "compiled.mach-o.executable"; includeInIndex = 0; path = "内存管理MRC"; sourceTree = BUILT_PRODUCTS_DIR; };
		7E4D48C9248CBAE900421514 /* main.m */ = {isa = PBXFileReference; lastKnownFileType = sourcecode.c.objc; path = main.m; sourceTree = "<group>"; };
		7E4D48D0248CBEE800421514 /* YZPerson.h */ = {isa = PBXFileReference; lastKnownFileType = sourcecode.c.h; path = YZPerson.h; sourceTree = "<group>"; };
		7E4D48D1248CBEE800421514 /* YZPerson.m */ = {isa = PBXFileReference; lastKnownFileType = sourcecode.c.objc; path = YZPerson.m; sourceTree = "<group>"; };
		7E4D48D3248CBFFC00421514 /* YZDog.h */ = {isa = PBXFileReference; lastKnownFileType = sourcecode.c.h; path = YZDog.h; sourceTree = "<group>"; };
		7E4D48D4248CBFFC00421514 /* YZDog.m */ = {isa = PBXFileReference; lastKnownFileType = sourcecode.c.objc; path = YZDog.m; sourceTree = "<group>"; };
/* End PBXFileReference section */

/* Begin PBXFrameworksBuildPhase section */
		7E4D48C3248CBAE900421514 /* Frameworks */ = {
			isa = PBXFrameworksBuildPhase;
			buildActionMask = 2147483647;
			files = (
			);
			runOnlyForDeploymentPostprocessing = 0;
		};
/* End PBXFrameworksBuildPhase section */

/* Begin PBXGroup section */
		7E4D48BD248CBAE900421514 = {
			isa = PBXGroup;
			children = (
				7E4D48C8248CBAE900421514 /* 内存管理MRC */,
				7E4D48C7248CBAE900421514 /* Products */,
			);
			sourceTree = "<group>";
		};
		7E4D48C7248CBAE900421514 /* Products */ = {
			isa = PBXGroup;
			children = (
				7E4D48C6248CBAE900421514 /* 内存管理MRC */,
			);
			name = Products;
			sourceTree = "<group>";
		};
		7E4D48C8248CBAE900421514 /* 内存管理MRC */ = {
			isa = PBXGroup;
			children = (
				7E4D48C9248CBAE900421514 /* main.m */,
				7E4D48D0248CBEE800421514 /* YZPerson.h */,
				7E4D48D1248CBEE800421514 /* YZPerson.m */,
				7E4D48D3248CBFFC00421514 /* YZDog.h */,
				7E4D48D4248CBFFC00421514 /* YZDog.m */,
			);
			path = "内存管理MRC";
			sourceTree = "<group>";
		};
/* End PBXGroup section */

/* Begin PBXNativeTarget section */
		7E4D48C5248CBAE900421514 /* 内存管理MRC */ = {
			isa = PBXNativeTarget;
			buildConfigurationList = 7E4D48CD248CBAE900421514 /* Build configuration list for PBXNativeTarget "内存管理MRC" */;
			buildPhases = (
				7E4D48C2248CBAE900421514 /* Sources */,
				7E4D48C3248CBAE900421514 /* Frameworks */,
				7E4D48C4248CBAE900421514 /* CopyFiles */,
			);
			buildRules = (
			);
			dependencies = (
			);
			name = "内存管理MRC";
			productName = "内存管理MRC";
			productReference = 7E4D48C6248CBAE900421514 /* 内存管理MRC */;
			productType = "com.apple.product-type.tool";
		};
/* End PBXNativeTarget section */

/* Begin PBXProject section */
		7E4D48BE248CBAE900421514 /* Project object */ = {
			isa = PBXProject;
			attributes = {
				LastUpgradeCheck = 1130;
				ORGANIZATIONNAME = xinmei;
				TargetAttributes = {
					7E4D48C5248CBAE900421514 = {
						CreatedOnToolsVersion = 11.3;
					};
				};
			};
			buildConfigurationList = 7E4D48C1248CBAE900421514 /* Build configuration list for PBXProject "内存管理MRC" */;
			compatibilityVersion = "Xcode 9.3";
			developmentRegion = en;
			hasScannedForEncodings = 0;
			knownRegions = (
				en,
				Base,
			);
			mainGroup = 7E4D48BD248CBAE900421514;
			productRefGroup = 7E4D48C7248CBAE900421514 /* Products */;
			projectDirPath = "";
			projectRoot = "";
			targets = (
				7E4D48C5248CBAE900421514 /* 内存管理MRC */,
			);
		};
/* End PBXProject section */

/* Begin PBXSourcesBuildPhase section */
		7E4D48C2248CBAE900421514 /* Sources */ = {
			isa = PBXSourcesBuildPhase;
			buildActionMask = 2147483647;
			files = (
				7E4D48D5248CBFFC00421514 /* YZDog.m in Sources */,
				7E4D48CA248CBAE900421514 /* main.m in Sources */,
				7E4D48D2248CBEE800421514 /* YZPerson.m in Sources */,
			);
			runOnlyForDeploymentPostprocessing = 0;
		};
/* End PBXSourcesBuildPhase section */

/* Begin XCBuildConfiguration section */
		7E4D48CB248CBAE900421514 /* Debug */ = {
			isa = XCBuildConfiguration;
			buildSettings = {
				ALWAYS_SEARCH_USER_PATHS = NO;
				CLANG_ANALYZER_NONNULL = YES;
				CLANG_ANALYZER_NUMBER_OBJECT_CONVERSION = YES_AGGRESSIVE;
				CLANG_CXX_LANGUAGE_STANDARD = "gnu++14";
				CLANG_CXX_LIBRARY = "libc++";
				CLANG_ENABLE_MODULES = YES;
				CLANG_ENABLE_OBJC_ARC = YES;
				CLANG_ENABLE_OBJC_WEAK = YES;
				CLANG_WARN_BLOCK_CAPTURE_AUTORELEASING = YES;
				CLANG_WARN_BOOL_CONVERSION = YES;
				CLANG_WARN_COMMA = YES;
				CLANG_WARN_CONSTANT_CONVERSION = YES;
				CLANG_WARN_DEPRECATED_OBJC_IMPLEMENTATIONS = YES;
				CLANG_WARN_DIRECT_OBJC_ISA_USAGE = YES_ERROR;
				CLANG_WARN_DOCUMENTATION_COMMENTS = YES;
				CLANG_WARN_EMPTY_BODY = YES;
				CLANG_WARN_ENUM_CONVERSION = YES;
				CLANG_WARN_INFINITE_RECURSION = YES;
				CLANG_WARN_INT_CONVERSION = YES;
				CLANG_WARN_NON_LITERAL_NULL_CONVERSION = YES;
				CLANG_WARN_OBJC_IMPLICIT_RETAIN_SELF = YES;
				CLANG_WARN_OBJC_LITERAL_CONVERSION = YES;
				CLANG_WARN_OBJC_ROOT_CLASS = YES_ERROR;
				CLANG_WARN_RANGE_LOOP_ANALYSIS = YES;
				CLANG_WARN_STRICT_PROTOTYPES = YES;
				CLANG_WARN_SUSPICIOUS_MOVE = YES;
				CLANG_WARN_UNGUARDED_AVAILABILITY = YES_AGGRESSIVE;
				CLANG_WARN_UNREACHABLE_CODE = YES;
				CLANG_WARN__DUPLICATE_METHOD_MATCH = YES;
				COPY_PHASE_STRIP = NO;
				DEBUG_INFORMATION_FORMAT = dwarf;
				ENABLE_STRICT_OBJC_MSGSEND = YES;
				ENABLE_TESTABILITY = YES;
				GCC_C_LANGUAGE_STANDARD = gnu11;
				GCC_DYNAMIC_NO_PIC = NO;
				GCC_NO_COMMON_BLOCKS = YES;
				GCC_OPTIMIZATION_LEVEL = 0;
				GCC_PREPROCESSOR_DEFINITIONS = (
					"DEBUG=1",
					"$(inherited)",
				);
				GCC_WARN_64_TO_32_BIT_CONVERSION = YES;
				GCC_WARN_ABOUT_RETURN_TYPE = YES_ERROR;
				GCC_WARN_UNDECLARED_SELECTOR = YES;
				GCC_WARN_UNINITIALIZED_AUTOS = YES_AGGRESSIVE;
				GCC_WARN_UNUSED_FUNCTION = YES;
				GCC_WARN_UNUSED_VARIABLE = YES;
				MACOSX_DEPLOYMENT_TARGET = 10.14;
				MTL_ENABLE_DEBUG_INFO = INCLUDE_SOURCE;
				MTL_FAST_MATH = YES;
				ONLY_ACTIVE_ARCH = YES;
				SDKROOT = macosx;
			};
			name = Debug;
		};
		7E4D48CC248CBAE900421514 /* Release */ = {
			isa = XCBuildConfiguration;
			buildSettings = {
				ALWAYS_SEARCH_USER_PATHS = NO;
				CLANG_ANALYZER_NONNULL = YES;
				CLANG_ANALYZER_NUMBER_OBJECT_CONVERSION = YES_AGGRESSIVE;
				CLANG_CXX_LANGUAGE_STANDARD = "gnu++14";
				CLANG_CXX_LIBRARY = "libc++";
				CLANG_ENABLE_MODULES = YES;
				CLANG_ENABLE_OBJC_ARC = YES;
				CLANG_ENABLE_OBJC_WEAK = YES;
				CLANG_WARN_BLOCK_CAPTURE_AUTORELEASING = YES;
				CLANG_WARN_BOOL_CONVERSION = YES;
				CLANG_WARN_COMMA = YES;
				CLANG_WARN_CONSTANT_CONVERSION = YES;
				CLANG_WARN_DEPRECATED_OBJC_IMPLEMENTATIONS = YES;
				CLANG_WARN_DIRECT_OBJC_ISA_USAGE = YES_ERROR;
				CLANG_WARN_DOCUMENTATION_COMMENTS = YES;
				CLANG_WARN_EMPTY_BODY = YES;
				CLANG_WARN_ENUM_CONVERSION = YES;
				CLANG_WARN_INFINITE_RECURSION = YES;
				CLANG_WARN_INT_CONVERSION = YES;
				CLANG_WARN_NON_LITERAL_NULL_CONVERSION = YES;
				CLANG_WARN_OBJC_IMPLICIT_RETAIN_SELF = YES;
				CLANG_WARN_OBJC_LITERAL_CONVERSION = YES;
				CLANG_WARN_OBJC_ROOT_CLASS = YES_ERROR;
				CLANG_WARN_RANGE_LOOP_ANALYSIS = YES;
				CLANG_WARN_STRICT_PROTOTYPES = YES;
				CLANG_WARN_SUSPICIOUS_MOVE = YES;
				CLANG_WARN_UNGUARDED_AVAILABILITY = YES_AGGRESSIVE;
				CLANG_WARN_UNREACHABLE_CODE = YES;
				CLANG_WARN__DUPLICATE_METHOD_MATCH = YES;
				COPY_PHASE_STRIP = NO;
				DEBUG_INFORMATION_FORMAT = "dwarf-with-dsym";
				ENABLE_NS_ASSERTIONS = NO;
				ENABLE_STRICT_OBJC_MSGSEND = YES;
				GCC_C_LANGUAGE_STANDARD = gnu11;
				GCC_NO_COMMON_BLOCKS = YES;
				GCC_WARN_64_TO_32_BIT_CONVERSION = YES;
				GCC_WARN_ABOUT_RETURN_TYPE = YES_ERROR;
				GCC_WARN_UNDECLARED_SELECTOR = YES;
				GCC_WARN_UNINITIALIZED_AUTOS = YES_AGGRESSIVE;
				GCC_WARN_UNUSED_FUNCTION = YES;
				GCC_WARN_UNUSED_VARIABLE = YES;
				MACOSX_DEPLOYMENT_TARGET = 10.14;
				MTL_ENABLE_DEBUG_INFO = NO;
				MTL_FAST_MATH = YES;
				SDKROOT = macosx;
			};
			name = Release;
		};
		7E4D48CE248CBAE900421514 /* Debug */ = {
			isa = XCBuildConfiguration;
			buildSettings = {
				CLANG_ENABLE_OBJC_ARC = NO;
				CODE_SIGN_STYLE = Automatic;
				DEVELOPMENT_TEAM = 344BN3S4Y9;
				ENABLE_HARDENED_RUNTIME = YES;
				PRODUCT_NAME = "$(TARGET_NAME)";
			};
			name = Debug;
		};
		7E4D48CF248CBAE900421514 /* Release */ = {
			isa = XCBuildConfiguration;
			buildSettings = {
				CLANG_ENABLE_OBJC_ARC = NO;
				CODE_SIGN_STYLE = Automatic;
				DEVELOPMENT_TEAM = 344BN3S4Y9;
				ENABLE_HARDENED_RUNTIME = YES;
				PRODUCT_NAME = "$(TARGET_NAME)";
			};
			name = Release;
		};
/* End XCBuildConfiguration section */

/* Begin XCConfigurationList section */
		7E4D48C1248CBAE900421514 /* Build configuration list for PBXProject "内存管理MRC" */ = {
			isa = XCConfigurationList;
			buildConfigurations = (
				7E4D48CB248CBAE900421514 /* Debug */,
				7E4D48CC248CBAE900421514 /* Release */,
			);
			defaultConfigurationIsVisible = 0;
			defaultConfigurationName = Release;
		};
		7E4D48CD248CBAE900421514 /* Build configuration list for PBXNativeTarget "内存管理MRC" */ = {
			isa = XCConfigurationList;
			buildConfigurations = (
				7E4D48CE248CBAE900421514 /* Debug */,
				7E4D48CF248CBAE900421514 /* Release */,
			);
			defaultConfigurationIsVisible = 0;
			defaultConfigurationName = Release;
		};
/* End XCConfigurationList section */
	};
	rootObject = 7E4D48BE248CBAE900421514 /* Project object */;
}
