// !$*UTF8*$!
{
	archiveVersion = 1;
	classes = {
	};
	objectVersion = 50;
	objects = {

/* Begin PBXBuildFile section */
		7EE6752A24B73EF2004F05AC /* AppDelegate.m in Sources */ = {isa = PBXBuildFile; fileRef = 7EE6752924B73EF2004F05AC /* AppDelegate.m */; };
		7EE6752D24B73EF2004F05AC /* SceneDelegate.m in Sources */ = {isa = PBXBuildFile; fileRef = 7EE6752C24B73EF2004F05AC /* SceneDelegate.m */; };
		7EE6753024B73EF2004F05AC /* ViewController.m in Sources */ = {isa = PBXBuildFile; fileRef = 7EE6752F24B73EF2004F05AC /* ViewController.m */; };
		7EE6753324B73EF2004F05AC /* Main.storyboard in Resources */ = {isa = PBXBuildFile; fileRef = 7EE6753124B73EF2004F05AC /* Main.storyboard */; };
		7EE6753524B73EF3004F05AC /* Assets.xcassets in Resources */ = {isa = PBXBuildFile; fileRef = 7EE6753424B73EF3004F05AC /* Assets.xcassets */; };
		7EE6753824B73EF3004F05AC /* LaunchScreen.storyboard in Resources */ = {isa = PBXBuildFile; fileRef = 7EE6753624B73EF3004F05AC /* LaunchScreen.storyboard */; };
		7EE6753B24B73EF3004F05AC /* main.m in Sources */ = {isa = PBXBuildFile; fileRef = 7EE6753A24B73EF3004F05AC /* main.m */; };
		7EE6754524B73EF4004F05AC /* KVOTests.m in Sources */ = {isa = PBXBuildFile; fileRef = 7EE6754424B73EF4004F05AC /* KVOTests.m */; };
		7EE6755024B73EF4004F05AC /* KVOUITests.m in Sources */ = {isa = PBXBuildFile; fileRef = 7EE6754F24B73EF4004F05AC /* KVOUITests.m */; };
		7EE6755F24B73F34004F05AC /* Person.m in Sources */ = {isa = PBXBuildFile; fileRef = 7EE6755E24B73F34004F05AC /* Person.m */; };
/* End PBXBuildFile section */

/* Begin PBXContainerItemProxy section */
		7EE6754124B73EF4004F05AC /* PBXContainerItemProxy */ = {
			isa = PBXContainerItemProxy;
			containerPortal = 7EE6751D24B73EF1004F05AC /* Project object */;
			proxyType = 1;
			remoteGlobalIDString = 7EE6752424B73EF2004F05AC;
			remoteInfo = KVO;
		};
		7EE6754C24B73EF4004F05AC /* PBXContainerItemProxy */ = {
			isa = PBXContainerItemProxy;
			containerPortal = 7EE6751D24B73EF1004F05AC /* Project object */;
			proxyType = 1;
			remoteGlobalIDString = 7EE6752424B73EF2004F05AC;
			remoteInfo = KVO;
		};
/* End PBXContainerItemProxy section */

/* Begin PBXFileReference section */
		7EE6752524B73EF2004F05AC /* KVO.app */ = {isa = PBXFileReference; explicitFileType = wrapper.application; includeInIndex = 0; path = KVO.app; sourceTree = BUILT_PRODUCTS_DIR; };
		7EE6752824B73EF2004F05AC /* AppDelegate.h */ = {isa = PBXFileReference; lastKnownFileType = sourcecode.c.h; path = AppDelegate.h; sourceTree = "<group>"; };
		7EE6752924B73EF2004F05AC /* AppDelegate.m */ = {isa = PBXFileReference; lastKnownFileType = sourcecode.c.objc; path = AppDelegate.m; sourceTree = "<group>"; };
		7EE6752B24B73EF2004F05AC /* SceneDelegate.h */ = {isa = PBXFileReference; lastKnownFileType = sourcecode.c.h; path = SceneDelegate.h; sourceTree = "<group>"; };
		7EE6752C24B73EF2004F05AC /* SceneDelegate.m */ = {isa = PBXFileReference; lastKnownFileType = sourcecode.c.objc; path = SceneDelegate.m; sourceTree = "<group>"; };
		7EE6752E24B73EF2004F05AC /* ViewController.h */ = {isa = PBXFileReference; lastKnownFileType = sourcecode.c.h; path = ViewController.h; sourceTree = "<group>"; };
		7EE6752F24B73EF2004F05AC /* ViewController.m */ = {isa = PBXFileReference; lastKnownFileType = sourcecode.c.objc; path = ViewController.m; sourceTree = "<group>"; };
		7EE6753224B73EF2004F05AC /* Base */ = {isa = PBXFileReference; lastKnownFileType = file.storyboard; name = Base; path = Base.lproj/Main.storyboard; sourceTree = "<group>"; };
		7EE6753424B73EF3004F05AC /* Assets.xcassets */ = {isa = PBXFileReference; lastKnownFileType = folder.assetcatalog; path = Assets.xcassets; sourceTree = "<group>"; };
		7EE6753724B73EF3004F05AC /* Base */ = {isa = PBXFileReference; lastKnownFileType = file.storyboard; name = Base; path = Base.lproj/LaunchScreen.storyboard; sourceTree = "<group>"; };
		7EE6753924B73EF3004F05AC /* Info.plist */ = {isa = PBXFileReference; lastKnownFileType = text.plist.xml; path = Info.plist; sourceTree = "<group>"; };
		7EE6753A24B73EF3004F05AC /* main.m */ = {isa = PBXFileReference; lastKnownFileType = sourcecode.c.objc; path = main.m; sourceTree = "<group>"; };
		7EE6754024B73EF4004F05AC /* KVOTests.xctest */ = {isa = PBXFileReference; explicitFileType = wrapper.cfbundle; includeInIndex = 0; path = KVOTests.xctest; sourceTree = BUILT_PRODUCTS_DIR; };
		7EE6754424B73EF4004F05AC /* KVOTests.m */ = {isa = PBXFileReference; lastKnownFileType = sourcecode.c.objc; path = KVOTests.m; sourceTree = "<group>"; };
		7EE6754624B73EF4004F05AC /* Info.plist */ = {isa = PBXFileReference; lastKnownFileType = text.plist.xml; path = Info.plist; sourceTree = "<group>"; };
		7EE6754B24B73EF4004F05AC /* KVOUITests.xctest */ = {isa = PBXFileReference; explicitFileType = wrapper.cfbundle; includeInIndex = 0; path = KVOUITests.xctest; sourceTree = BUILT_PRODUCTS_DIR; };
		7EE6754F24B73EF4004F05AC /* KVOUITests.m */ = {isa = PBXFileReference; lastKnownFileType = sourcecode.c.objc; path = KVOUITests.m; sourceTree = "<group>"; };
		7EE6755124B73EF4004F05AC /* Info.plist */ = {isa = PBXFileReference; lastKnownFileType = text.plist.xml; path = Info.plist; sourceTree = "<group>"; };
		7EE6755D24B73F34004F05AC /* Person.h */ = {isa = PBXFileReference; lastKnownFileType = sourcecode.c.h; path = Person.h; sourceTree = "<group>"; };
		7EE6755E24B73F34004F05AC /* Person.m */ = {isa = PBXFileReference; lastKnownFileType = sourcecode.c.objc; path = Person.m; sourceTree = "<group>"; };
/* End PBXFileReference section */

/* Begin PBXFrameworksBuildPhase section */
		7EE6752224B73EF2004F05AC /* Frameworks */ = {
			isa = PBXFrameworksBuildPhase;
			buildActionMask = 2147483647;
			files = (
			);
			runOnlyForDeploymentPostprocessing = 0;
		};
		7EE6753D24B73EF4004F05AC /* Frameworks */ = {
			isa = PBXFrameworksBuildPhase;
			buildActionMask = 2147483647;
			files = (
			);
			runOnlyForDeploymentPostprocessing = 0;
		};
		7EE6754824B73EF4004F05AC /* Frameworks */ = {
			isa = PBXFrameworksBuildPhase;
			buildActionMask = 2147483647;
			files = (
			);
			runOnlyForDeploymentPostprocessing = 0;
		};
/* End PBXFrameworksBuildPhase section */

/* Begin PBXGroup section */
		7EE6751C24B73EF1004F05AC = {
			isa = PBXGroup;
			children = (
				7EE6752724B73EF2004F05AC /* KVO */,
				7EE6754324B73EF4004F05AC /* KVOTests */,
				7EE6754E24B73EF4004F05AC /* KVOUITests */,
				7EE6752624B73EF2004F05AC /* Products */,
			);
			sourceTree = "<group>";
		};
		7EE6752624B73EF2004F05AC /* Products */ = {
			isa = PBXGroup;
			children = (
				7EE6752524B73EF2004F05AC /* KVO.app */,
				7EE6754024B73EF4004F05AC /* KVOTests.xctest */,
				7EE6754B24B73EF4004F05AC /* KVOUITests.xctest */,
			);
			name = Products;
			sourceTree = "<group>";
		};
		7EE6752724B73EF2004F05AC /* KVO */ = {
			isa = PBXGroup;
			children = (
				7EE6752824B73EF2004F05AC /* AppDelegate.h */,
				7EE6752924B73EF2004F05AC /* AppDelegate.m */,
				7EE6752B24B73EF2004F05AC /* SceneDelegate.h */,
				7EE6752C24B73EF2004F05AC /* SceneDelegate.m */,
				7EE6752E24B73EF2004F05AC /* ViewController.h */,
				7EE6752F24B73EF2004F05AC /* ViewController.m */,
				7EE6755D24B73F34004F05AC /* Person.h */,
				7EE6755E24B73F34004F05AC /* Person.m */,
				7EE6753124B73EF2004F05AC /* Main.storyboard */,
				7EE6753424B73EF3004F05AC /* Assets.xcassets */,
				7EE6753624B73EF3004F05AC /* LaunchScreen.storyboard */,
				7EE6753924B73EF3004F05AC /* Info.plist */,
				7EE6753A24B73EF3004F05AC /* main.m */,
			);
			path = KVO;
			sourceTree = "<group>";
		};
		7EE6754324B73EF4004F05AC /* KVOTests */ = {
			isa = PBXGroup;
			children = (
				7EE6754424B73EF4004F05AC /* KVOTests.m */,
				7EE6754624B73EF4004F05AC /* Info.plist */,
			);
			path = KVOTests;
			sourceTree = "<group>";
		};
		7EE6754E24B73EF4004F05AC /* KVOUITests */ = {
			isa = PBXGroup;
			children = (
				7EE6754F24B73EF4004F05AC /* KVOUITests.m */,
				7EE6755124B73EF4004F05AC /* Info.plist */,
			);
			path = KVOUITests;
			sourceTree = "<group>";
		};
/* End PBXGroup section */

/* Begin PBXNativeTarget section */
		7EE6752424B73EF2004F05AC /* KVO */ = {
			isa = PBXNativeTarget;
			buildConfigurationList = 7EE6755424B73EF4004F05AC /* Build configuration list for PBXNativeTarget "KVO" */;
			buildPhases = (
				7EE6752124B73EF2004F05AC /* Sources */,
				7EE6752224B73EF2004F05AC /* Frameworks */,
				7EE6752324B73EF2004F05AC /* Resources */,
			);
			buildRules = (
			);
			dependencies = (
			);
			name = KVO;
			productName = KVO;
			productReference = 7EE6752524B73EF2004F05AC /* KVO.app */;
			productType = "com.apple.product-type.application";
		};
		7EE6753F24B73EF4004F05AC /* KVOTests */ = {
			isa = PBXNativeTarget;
			buildConfigurationList = 7EE6755724B73EF4004F05AC /* Build configuration list for PBXNativeTarget "KVOTests" */;
			buildPhases = (
				7EE6753C24B73EF4004F05AC /* Sources */,
				7EE6753D24B73EF4004F05AC /* Frameworks */,
				7EE6753E24B73EF4004F05AC /* Resources */,
			);
			buildRules = (
			);
			dependencies = (
				7EE6754224B73EF4004F05AC /* PBXTargetDependency */,
			);
			name = KVOTests;
			productName = KVOTests;
			productReference = 7EE6754024B73EF4004F05AC /* KVOTests.xctest */;
			productType = "com.apple.product-type.bundle.unit-test";
		};
		7EE6754A24B73EF4004F05AC /* KVOUITests */ = {
			isa = PBXNativeTarget;
			buildConfigurationList = 7EE6755A24B73EF4004F05AC /* Build configuration list for PBXNativeTarget "KVOUITests" */;
			buildPhases = (
				7EE6754724B73EF4004F05AC /* Sources */,
				7EE6754824B73EF4004F05AC /* Frameworks */,
				7EE6754924B73EF4004F05AC /* Resources */,
			);
			buildRules = (
			);
			dependencies = (
				7EE6754D24B73EF4004F05AC /* PBXTargetDependency */,
			);
			name = KVOUITests;
			productName = KVOUITests;
			productReference = 7EE6754B24B73EF4004F05AC /* KVOUITests.xctest */;
			productType = "com.apple.product-type.bundle.ui-testing";
		};
/* End PBXNativeTarget section */

/* Begin PBXProject section */
		7EE6751D24B73EF1004F05AC /* Project object */ = {
			isa = PBXProject;
			attributes = {
				LastUpgradeCheck = 1130;
				ORGANIZATIONNAME = xinmei;
				TargetAttributes = {
					7EE6752424B73EF2004F05AC = {
						CreatedOnToolsVersion = 11.3;
					};
					7EE6753F24B73EF4004F05AC = {
						CreatedOnToolsVersion = 11.3;
						TestTargetID = 7EE6752424B73EF2004F05AC;
					};
					7EE6754A24B73EF4004F05AC = {
						CreatedOnToolsVersion = 11.3;
						TestTargetID = 7EE6752424B73EF2004F05AC;
					};
				};
			};
			buildConfigurationList = 7EE6752024B73EF1004F05AC /* Build configuration list for PBXProject "KVO" */;
			compatibilityVersion = "Xcode 9.3";
			developmentRegion = en;
			hasScannedForEncodings = 0;
			knownRegions = (
				en,
				Base,
			);
			mainGroup = 7EE6751C24B73EF1004F05AC;
			productRefGroup = 7EE6752624B73EF2004F05AC /* Products */;
			projectDirPath = "";
			projectRoot = "";
			targets = (
				7EE6752424B73EF2004F05AC /* KVO */,
				7EE6753F24B73EF4004F05AC /* KVOTests */,
				7EE6754A24B73EF4004F05AC /* KVOUITests */,
			);
		};
/* End PBXProject section */

/* Begin PBXResourcesBuildPhase section */
		7EE6752324B73EF2004F05AC /* Resources */ = {
			isa = PBXResourcesBuildPhase;
			buildActionMask = 2147483647;
			files = (
				7EE6753824B73EF3004F05AC /* LaunchScreen.storyboard in Resources */,
				7EE6753524B73EF3004F05AC /* Assets.xcassets in Resources */,
				7EE6753324B73EF2004F05AC /* Main.storyboard in Resources */,
			);
			runOnlyForDeploymentPostprocessing = 0;
		};
		7EE6753E24B73EF4004F05AC /* Resources */ = {
			isa = PBXResourcesBuildPhase;
			buildActionMask = 2147483647;
			files = (
			);
			runOnlyForDeploymentPostprocessing = 0;
		};
		7EE6754924B73EF4004F05AC /* Resources */ = {
			isa = PBXResourcesBuildPhase;
			buildActionMask = 2147483647;
			files = (
			);
			runOnlyForDeploymentPostprocessing = 0;
		};
/* End PBXResourcesBuildPhase section */

/* Begin PBXSourcesBuildPhase section */
		7EE6752124B73EF2004F05AC /* Sources */ = {
			isa = PBXSourcesBuildPhase;
			buildActionMask = 2147483647;
			files = (
				7EE6753024B73EF2004F05AC /* ViewController.m in Sources */,
				7EE6752A24B73EF2004F05AC /* AppDelegate.m in Sources */,
				7EE6755F24B73F34004F05AC /* Person.m in Sources */,
				7EE6753B24B73EF3004F05AC /* main.m in Sources */,
				7EE6752D24B73EF2004F05AC /* SceneDelegate.m in Sources */,
			);
			runOnlyForDeploymentPostprocessing = 0;
		};
		7EE6753C24B73EF4004F05AC /* Sources */ = {
			isa = PBXSourcesBuildPhase;
			buildActionMask = 2147483647;
			files = (
				7EE6754524B73EF4004F05AC /* KVOTests.m in Sources */,
			);
			runOnlyForDeploymentPostprocessing = 0;
		};
		7EE6754724B73EF4004F05AC /* Sources */ = {
			isa = PBXSourcesBuildPhase;
			buildActionMask = 2147483647;
			files = (
				7EE6755024B73EF4004F05AC /* KVOUITests.m in Sources */,
			);
			runOnlyForDeploymentPostprocessing = 0;
		};
/* End PBXSourcesBuildPhase section */

/* Begin PBXTargetDependency section */
		7EE6754224B73EF4004F05AC /* PBXTargetDependency */ = {
			isa = PBXTargetDependency;
			target = 7EE6752424B73EF2004F05AC /* KVO */;
			targetProxy = 7EE6754124B73EF4004F05AC /* PBXContainerItemProxy */;
		};
		7EE6754D24B73EF4004F05AC /* PBXTargetDependency */ = {
			isa = PBXTargetDependency;
			target = 7EE6752424B73EF2004F05AC /* KVO */;
			targetProxy = 7EE6754C24B73EF4004F05AC /* PBXContainerItemProxy */;
		};
/* End PBXTargetDependency section */

/* Begin PBXVariantGroup section */
		7EE6753124B73EF2004F05AC /* Main.storyboard */ = {
			isa = PBXVariantGroup;
			children = (
				7EE6753224B73EF2004F05AC /* Base */,
			);
			name = Main.storyboard;
			sourceTree = "<group>";
		};
		7EE6753624B73EF3004F05AC /* LaunchScreen.storyboard */ = {
			isa = PBXVariantGroup;
			children = (
				7EE6753724B73EF3004F05AC /* Base */,
			);
			name = LaunchScreen.storyboard;
			sourceTree = "<group>";
		};
/* End PBXVariantGroup section */

/* Begin XCBuildConfiguration section */
		7EE6755224B73EF4004F05AC /* Debug */ = {
			isa = XCBuildConfiguration;
			buildSettings = {
				ALWAYS_SEARCH_USER_PATHS = NO;
				CLANG_ANALYZER_NONNULL = YES;
				CLANG_ANALYZER_NUMBER_OBJECT_CONVERSION = YES_AGGRESSIVE;
				CLANG_CXX_LANGUAGE_STANDARD = "gnu++14";
				CLANG_CXX_LIBRARY = "libc++";
				CLANG_ENABLE_MODULES = YES;
				CLANG_ENABLE_OBJC_ARC = YES;
				CLANG_ENABLE_OBJC_WEAK = YES;
				CLANG_WARN_BLOCK_CAPTURE_AUTORELEASING = YES;
				CLANG_WARN_BOOL_CONVERSION = YES;
				CLANG_WARN_COMMA = YES;
				CLANG_WARN_CONSTANT_CONVERSION = YES;
				CLANG_WARN_DEPRECATED_OBJC_IMPLEMENTATIONS = YES;
				CLANG_WARN_DIRECT_OBJC_ISA_USAGE = YES_ERROR;
				CLANG_WARN_DOCUMENTATION_COMMENTS = YES;
				CLANG_WARN_EMPTY_BODY = YES;
				CLANG_WARN_ENUM_CONVERSION = YES;
				CLANG_WARN_INFINITE_RECURSION = YES;
				CLANG_WARN_INT_CONVERSION = YES;
				CLANG_WARN_NON_LITERAL_NULL_CONVERSION = YES;
				CLANG_WARN_OBJC_IMPLICIT_RETAIN_SELF = YES;
				CLANG_WARN_OBJC_LITERAL_CONVERSION = YES;
				CLANG_WARN_OBJC_ROOT_CLASS = YES_ERROR;
				CLANG_WARN_RANGE_LOOP_ANALYSIS = YES;
				CLANG_WARN_STRICT_PROTOTYPES = YES;
				CLANG_WARN_SUSPICIOUS_MOVE = YES;
				CLANG_WARN_UNGUARDED_AVAILABILITY = YES_AGGRESSIVE;
				CLANG_WARN_UNREACHABLE_CODE = YES;
				CLANG_WARN__DUPLICATE_METHOD_MATCH = YES;
				COPY_PHASE_STRIP = NO;
				DEBUG_INFORMATION_FORMAT = dwarf;
				ENABLE_STRICT_OBJC_MSGSEND = YES;
				ENABLE_TESTABILITY = YES;
				GCC_C_LANGUAGE_STANDARD = gnu11;
				GCC_DYNAMIC_NO_PIC = NO;
				GCC_NO_COMMON_BLOCKS = YES;
				GCC_OPTIMIZATION_LEVEL = 0;
				GCC_PREPROCESSOR_DEFINITIONS = (
					"DEBUG=1",
					"$(inherited)",
				);
				GCC_WARN_64_TO_32_BIT_CONVERSION = YES;
				GCC_WARN_ABOUT_RETURN_TYPE = YES_ERROR;
				GCC_WARN_UNDECLARED_SELECTOR = YES;
				GCC_WARN_UNINITIALIZED_AUTOS = YES_AGGRESSIVE;
				GCC_WARN_UNUSED_FUNCTION = YES;
				GCC_WARN_UNUSED_VARIABLE = YES;
				IPHONEOS_DEPLOYMENT_TARGET = 13.2;
				MTL_ENABLE_DEBUG_INFO = INCLUDE_SOURCE;
				MTL_FAST_MATH = YES;
				ONLY_ACTIVE_ARCH = YES;
				SDKROOT = iphoneos;
			};
			name = Debug;
		};
		7EE6755324B73EF4004F05AC /* Release */ = {
			isa = XCBuildConfiguration;
			buildSettings = {
				ALWAYS_SEARCH_USER_PATHS = NO;
				CLANG_ANALYZER_NONNULL = YES;
				CLANG_ANALYZER_NUMBER_OBJECT_CONVERSION = YES_AGGRESSIVE;
				CLANG_CXX_LANGUAGE_STANDARD = "gnu++14";
				CLANG_CXX_LIBRARY = "libc++";
				CLANG_ENABLE_MODULES = YES;
				CLANG_ENABLE_OBJC_ARC = YES;
				CLANG_ENABLE_OBJC_WEAK = YES;
				CLANG_WARN_BLOCK_CAPTURE_AUTORELEASING = YES;
				CLANG_WARN_BOOL_CONVERSION = YES;
				CLANG_WARN_COMMA = YES;
				CLANG_WARN_CONSTANT_CONVERSION = YES;
				CLANG_WARN_DEPRECATED_OBJC_IMPLEMENTATIONS = YES;
				CLANG_WARN_DIRECT_OBJC_ISA_USAGE = YES_ERROR;
				CLANG_WARN_DOCUMENTATION_COMMENTS = YES;
				CLANG_WARN_EMPTY_BODY = YES;
				CLANG_WARN_ENUM_CONVERSION = YES;
				CLANG_WARN_INFINITE_RECURSION = YES;
				CLANG_WARN_INT_CONVERSION = YES;
				CLANG_WARN_NON_LITERAL_NULL_CONVERSION = YES;
				CLANG_WARN_OBJC_IMPLICIT_RETAIN_SELF = YES;
				CLANG_WARN_OBJC_LITERAL_CONVERSION = YES;
				CLANG_WARN_OBJC_ROOT_CLASS = YES_ERROR;
				CLANG_WARN_RANGE_LOOP_ANALYSIS = YES;
				CLANG_WARN_STRICT_PROTOTYPES = YES;
				CLANG_WARN_SUSPICIOUS_MOVE = YES;
				CLANG_WARN_UNGUARDED_AVAILABILITY = YES_AGGRESSIVE;
				CLANG_WARN_UNREACHABLE_CODE = YES;
				CLANG_WARN__DUPLICATE_METHOD_MATCH = YES;
				COPY_PHASE_STRIP = NO;
				DEBUG_INFORMATION_FORMAT = "dwarf-with-dsym";
				ENABLE_NS_ASSERTIONS = NO;
				ENABLE_STRICT_OBJC_MSGSEND = YES;
				GCC_C_LANGUAGE_STANDARD = gnu11;
				GCC_NO_COMMON_BLOCKS = YES;
				GCC_WARN_64_TO_32_BIT_CONVERSION = YES;
				GCC_WARN_ABOUT_RETURN_TYPE = YES_ERROR;
				GCC_WARN_UNDECLARED_SELECTOR = YES;
				GCC_WARN_UNINITIALIZED_AUTOS = YES_AGGRESSIVE;
				GCC_WARN_UNUSED_FUNCTION = YES;
				GCC_WARN_UNUSED_VARIABLE = YES;
				IPHONEOS_DEPLOYMENT_TARGET = 13.2;
				MTL_ENABLE_DEBUG_INFO = NO;
				MTL_FAST_MATH = YES;
				SDKROOT = iphoneos;
				VALIDATE_PRODUCT = YES;
			};
			name = Release;
		};
		7EE6755524B73EF4004F05AC /* Debug */ = {
			isa = XCBuildConfiguration;
			buildSettings = {
				ASSETCATALOG_COMPILER_APPICON_NAME = AppIcon;
				CODE_SIGN_STYLE = Automatic;
				DEVELOPMENT_TEAM = 344BN3S4Y9;
				INFOPLIST_FILE = KVO/Info.plist;
				LD_RUNPATH_SEARCH_PATHS = (
					"$(inherited)",
					"@executable_path/Frameworks",
				);
				PRODUCT_BUNDLE_IDENTIFIER = com.xinmei.offer.KVO;
				PRODUCT_NAME = "$(TARGET_NAME)";
				TARGETED_DEVICE_FAMILY = "1,2";
			};
			name = Debug;
		};
		7EE6755624B73EF4004F05AC /* Release */ = {
			isa = XCBuildConfiguration;
			buildSettings = {
				ASSETCATALOG_COMPILER_APPICON_NAME = AppIcon;
				CODE_SIGN_STYLE = Automatic;
				DEVELOPMENT_TEAM = 344BN3S4Y9;
				INFOPLIST_FILE = KVO/Info.plist;
				LD_RUNPATH_SEARCH_PATHS = (
					"$(inherited)",
					"@executable_path/Frameworks",
				);
				PRODUCT_BUNDLE_IDENTIFIER = com.xinmei.offer.KVO;
				PRODUCT_NAME = "$(TARGET_NAME)";
				TARGETED_DEVICE_FAMILY = "1,2";
			};
			name = Release;
		};
		7EE6755824B73EF4004F05AC /* Debug */ = {
			isa = XCBuildConfiguration;
			buildSettings = {
				BUNDLE_LOADER = "$(TEST_HOST)";
				CODE_SIGN_STYLE = Automatic;
				DEVELOPMENT_TEAM = 344BN3S4Y9;
				INFOPLIST_FILE = KVOTests/Info.plist;
				IPHONEOS_DEPLOYMENT_TARGET = 13.2;
				LD_RUNPATH_SEARCH_PATHS = (
					"$(inherited)",
					"@executable_path/Frameworks",
					"@loader_path/Frameworks",
				);
				PRODUCT_BUNDLE_IDENTIFIER = com.xinmei.offer.KVOTests;
				PRODUCT_NAME = "$(TARGET_NAME)";
				TARGETED_DEVICE_FAMILY = "1,2";
				TEST_HOST = "$(BUILT_PRODUCTS_DIR)/KVO.app/KVO";
			};
			name = Debug;
		};
		7EE6755924B73EF4004F05AC /* Release */ = {
			isa = XCBuildConfiguration;
			buildSettings = {
				BUNDLE_LOADER = "$(TEST_HOST)";
				CODE_SIGN_STYLE = Automatic;
				DEVELOPMENT_TEAM = 344BN3S4Y9;
				INFOPLIST_FILE = KVOTests/Info.plist;
				IPHONEOS_DEPLOYMENT_TARGET = 13.2;
				LD_RUNPATH_SEARCH_PATHS = (
					"$(inherited)",
					"@executable_path/Frameworks",
					"@loader_path/Frameworks",
				);
				PRODUCT_BUNDLE_IDENTIFIER = com.xinmei.offer.KVOTests;
				PRODUCT_NAME = "$(TARGET_NAME)";
				TARGETED_DEVICE_FAMILY = "1,2";
				TEST_HOST = "$(BUILT_PRODUCTS_DIR)/KVO.app/KVO";
			};
			name = Release;
		};
		7EE6755B24B73EF4004F05AC /* Debug */ = {
			isa = XCBuildConfiguration;
			buildSettings = {
				CODE_SIGN_STYLE = Automatic;
				DEVELOPMENT_TEAM = 344BN3S4Y9;
				INFOPLIST_FILE = KVOUITests/Info.plist;
				LD_RUNPATH_SEARCH_PATHS = (
					"$(inherited)",
					"@executable_path/Frameworks",
					"@loader_path/Frameworks",
				);
				PRODUCT_BUNDLE_IDENTIFIER = com.xinmei.offer.KVOUITests;
				PRODUCT_NAME = "$(TARGET_NAME)";
				TARGETED_DEVICE_FAMILY = "1,2";
				TEST_TARGET_NAME = KVO;
			};
			name = Debug;
		};
		7EE6755C24B73EF4004F05AC /* Release */ = {
			isa = XCBuildConfiguration;
			buildSettings = {
				CODE_SIGN_STYLE = Automatic;
				DEVELOPMENT_TEAM = 344BN3S4Y9;
				INFOPLIST_FILE = KVOUITests/Info.plist;
				LD_RUNPATH_SEARCH_PATHS = (
					"$(inherited)",
					"@executable_path/Frameworks",
					"@loader_path/Frameworks",
				);
				PRODUCT_BUNDLE_IDENTIFIER = com.xinmei.offer.KVOUITests;
				PRODUCT_NAME = "$(TARGET_NAME)";
				TARGETED_DEVICE_FAMILY = "1,2";
				TEST_TARGET_NAME = KVO;
			};
			name = Release;
		};
/* End XCBuildConfiguration section */

/* Begin XCConfigurationList section */
		7EE6752024B73EF1004F05AC /* Build configuration list for PBXProject "KVO" */ = {
			isa = XCConfigurationList;
			buildConfigurations = (
				7EE6755224B73EF4004F05AC /* Debug */,
				7EE6755324B73EF4004F05AC /* Release */,
			);
			defaultConfigurationIsVisible = 0;
			defaultConfigurationName = Release;
		};
		7EE6755424B73EF4004F05AC /* Build configuration list for PBXNativeTarget "KVO" */ = {
			isa = XCConfigurationList;
			buildConfigurations = (
				7EE6755524B73EF4004F05AC /* Debug */,
				7EE6755624B73EF4004F05AC /* Release */,
			);
			defaultConfigurationIsVisible = 0;
			defaultConfigurationName = Release;
		};
		7EE6755724B73EF4004F05AC /* Build configuration list for PBXNativeTarget "KVOTests" */ = {
			isa = XCConfigurationList;
			buildConfigurations = (
				7EE6755824B73EF4004F05AC /* Debug */,
				7EE6755924B73EF4004F05AC /* Release */,
			);
			defaultConfigurationIsVisible = 0;
			defaultConfigurationName = Release;
		};
		7EE6755A24B73EF4004F05AC /* Build configuration list for PBXNativeTarget "KVOUITests" */ = {
			isa = XCConfigurationList;
			buildConfigurations = (
				7EE6755B24B73EF4004F05AC /* Debug */,
				7EE6755C24B73EF4004F05AC /* Release */,
			);
			defaultConfigurationIsVisible = 0;
			defaultConfigurationName = Release;
		};
/* End XCConfigurationList section */
	};
	rootObject = 7EE6751D24B73EF1004F05AC /* Project object */;
}
