// !$*UTF8*$!
{
	archiveVersion = 1;
	classes = {
	};
	objectVersion = 50;
	objects = {

/* Begin PBXBuildFile section */
		7E812FF8247EA74700DD753A /* AppDelegate.m in Sources */ = {isa = PBXBuildFile; fileRef = 7E812FF7247EA74700DD753A /* AppDelegate.m */; };
		7E812FFB247EA74700DD753A /* SceneDelegate.m in Sources */ = {isa = PBXBuildFile; fileRef = 7E812FFA247EA74700DD753A /* SceneDelegate.m */; };
		7E812FFE247EA74700DD753A /* ViewController.m in Sources */ = {isa = PBXBuildFile; fileRef = 7E812FFD247EA74700DD753A /* ViewController.m */; };
		7E813001247EA74700DD753A /* Main.storyboard in Resources */ = {isa = PBXBuildFile; fileRef = 7E812FFF247EA74700DD753A /* Main.storyboard */; };
		7E813003247EA74900DD753A /* Assets.xcassets in Resources */ = {isa = PBXBuildFile; fileRef = 7E813002247EA74900DD753A /* Assets.xcassets */; };
		7E813006247EA74900DD753A /* LaunchScreen.storyboard in Resources */ = {isa = PBXBuildFile; fileRef = 7E813004247EA74900DD753A /* LaunchScreen.storyboard */; };
		7E813009247EA74900DD753A /* main.m in Sources */ = {isa = PBXBuildFile; fileRef = 7E813008247EA74900DD753A /* main.m */; };
		7E813013247EA74900DD753A /* GCD__Tests.m in Sources */ = {isa = PBXBuildFile; fileRef = 7E813012247EA74900DD753A /* GCD__Tests.m */; };
		7E81301E247EA74900DD753A /* GCD__UITests.m in Sources */ = {isa = PBXBuildFile; fileRef = 7E81301D247EA74900DD753A /* GCD__UITests.m */; };
/* End PBXBuildFile section */

/* Begin PBXContainerItemProxy section */
		7E81300F247EA74900DD753A /* PBXContainerItemProxy */ = {
			isa = PBXContainerItemProxy;
			containerPortal = 7E812FEB247EA74700DD753A /* Project object */;
			proxyType = 1;
			remoteGlobalIDString = 7E812FF2247EA74700DD753A;
			remoteInfo = "GCD基础";
		};
		7E81301A247EA74900DD753A /* PBXContainerItemProxy */ = {
			isa = PBXContainerItemProxy;
			containerPortal = 7E812FEB247EA74700DD753A /* Project object */;
			proxyType = 1;
			remoteGlobalIDString = 7E812FF2247EA74700DD753A;
			remoteInfo = "GCD基础";
		};
/* End PBXContainerItemProxy section */

/* Begin PBXFileReference section */
		7E812FF3247EA74700DD753A /* GCD基础.app */ = {isa = PBXFileReference; explicitFileType = wrapper.application; includeInIndex = 0; path = "GCD基础.app"; sourceTree = BUILT_PRODUCTS_DIR; };
		7E812FF6247EA74700DD753A /* AppDelegate.h */ = {isa = PBXFileReference; lastKnownFileType = sourcecode.c.h; path = AppDelegate.h; sourceTree = "<group>"; };
		7E812FF7247EA74700DD753A /* AppDelegate.m */ = {isa = PBXFileReference; lastKnownFileType = sourcecode.c.objc; path = AppDelegate.m; sourceTree = "<group>"; };
		7E812FF9247EA74700DD753A /* SceneDelegate.h */ = {isa = PBXFileReference; lastKnownFileType = sourcecode.c.h; path = SceneDelegate.h; sourceTree = "<group>"; };
		7E812FFA247EA74700DD753A /* SceneDelegate.m */ = {isa = PBXFileReference; lastKnownFileType = sourcecode.c.objc; path = SceneDelegate.m; sourceTree = "<group>"; };
		7E812FFC247EA74700DD753A /* ViewController.h */ = {isa = PBXFileReference; lastKnownFileType = sourcecode.c.h; path = ViewController.h; sourceTree = "<group>"; };
		7E812FFD247EA74700DD753A /* ViewController.m */ = {isa = PBXFileReference; lastKnownFileType = sourcecode.c.objc; path = ViewController.m; sourceTree = "<group>"; };
		7E813000247EA74700DD753A /* Base */ = {isa = PBXFileReference; lastKnownFileType = file.storyboard; name = Base; path = Base.lproj/Main.storyboard; sourceTree = "<group>"; };
		7E813002247EA74900DD753A /* Assets.xcassets */ = {isa = PBXFileReference; lastKnownFileType = folder.assetcatalog; path = Assets.xcassets; sourceTree = "<group>"; };
		7E813005247EA74900DD753A /* Base */ = {isa = PBXFileReference; lastKnownFileType = file.storyboard; name = Base; path = Base.lproj/LaunchScreen.storyboard; sourceTree = "<group>"; };
		7E813007247EA74900DD753A /* Info.plist */ = {isa = PBXFileReference; lastKnownFileType = text.plist.xml; path = Info.plist; sourceTree = "<group>"; };
		7E813008247EA74900DD753A /* main.m */ = {isa = PBXFileReference; lastKnownFileType = sourcecode.c.objc; path = main.m; sourceTree = "<group>"; };
		7E81300E247EA74900DD753A /* GCD基础Tests.xctest */ = {isa = PBXFileReference; explicitFileType = wrapper.cfbundle; includeInIndex = 0; path = "GCD基础Tests.xctest"; sourceTree = BUILT_PRODUCTS_DIR; };
		7E813012247EA74900DD753A /* GCD__Tests.m */ = {isa = PBXFileReference; lastKnownFileType = sourcecode.c.objc; path = GCD__Tests.m; sourceTree = "<group>"; };
		7E813014247EA74900DD753A /* Info.plist */ = {isa = PBXFileReference; lastKnownFileType = text.plist.xml; path = Info.plist; sourceTree = "<group>"; };
		7E813019247EA74900DD753A /* GCD基础UITests.xctest */ = {isa = PBXFileReference; explicitFileType = wrapper.cfbundle; includeInIndex = 0; path = "GCD基础UITests.xctest"; sourceTree = BUILT_PRODUCTS_DIR; };
		7E81301D247EA74900DD753A /* GCD__UITests.m */ = {isa = PBXFileReference; lastKnownFileType = sourcecode.c.objc; path = GCD__UITests.m; sourceTree = "<group>"; };
		7E81301F247EA74900DD753A /* Info.plist */ = {isa = PBXFileReference; lastKnownFileType = text.plist.xml; path = Info.plist; sourceTree = "<group>"; };
/* End PBXFileReference section */

/* Begin PBXFrameworksBuildPhase section */
		7E812FF0247EA74700DD753A /* Frameworks */ = {
			isa = PBXFrameworksBuildPhase;
			buildActionMask = 2147483647;
			files = (
			);
			runOnlyForDeploymentPostprocessing = 0;
		};
		7E81300B247EA74900DD753A /* Frameworks */ = {
			isa = PBXFrameworksBuildPhase;
			buildActionMask = 2147483647;
			files = (
			);
			runOnlyForDeploymentPostprocessing = 0;
		};
		7E813016247EA74900DD753A /* Frameworks */ = {
			isa = PBXFrameworksBuildPhase;
			buildActionMask = 2147483647;
			files = (
			);
			runOnlyForDeploymentPostprocessing = 0;
		};
/* End PBXFrameworksBuildPhase section */

/* Begin PBXGroup section */
		7E812FEA247EA74700DD753A = {
			isa = PBXGroup;
			children = (
				7E812FF5247EA74700DD753A /* GCD基础 */,
				7E813011247EA74900DD753A /* GCD基础Tests */,
				7E81301C247EA74900DD753A /* GCD基础UITests */,
				7E812FF4247EA74700DD753A /* Products */,
			);
			sourceTree = "<group>";
		};
		7E812FF4247EA74700DD753A /* Products */ = {
			isa = PBXGroup;
			children = (
				7E812FF3247EA74700DD753A /* GCD基础.app */,
				7E81300E247EA74900DD753A /* GCD基础Tests.xctest */,
				7E813019247EA74900DD753A /* GCD基础UITests.xctest */,
			);
			name = Products;
			sourceTree = "<group>";
		};
		7E812FF5247EA74700DD753A /* GCD基础 */ = {
			isa = PBXGroup;
			children = (
				7E812FF6247EA74700DD753A /* AppDelegate.h */,
				7E812FF7247EA74700DD753A /* AppDelegate.m */,
				7E812FF9247EA74700DD753A /* SceneDelegate.h */,
				7E812FFA247EA74700DD753A /* SceneDelegate.m */,
				7E812FFC247EA74700DD753A /* ViewController.h */,
				7E812FFD247EA74700DD753A /* ViewController.m */,
				7E812FFF247EA74700DD753A /* Main.storyboard */,
				7E813002247EA74900DD753A /* Assets.xcassets */,
				7E813004247EA74900DD753A /* LaunchScreen.storyboard */,
				7E813007247EA74900DD753A /* Info.plist */,
				7E813008247EA74900DD753A /* main.m */,
			);
			path = "GCD基础";
			sourceTree = "<group>";
		};
		7E813011247EA74900DD753A /* GCD基础Tests */ = {
			isa = PBXGroup;
			children = (
				7E813012247EA74900DD753A /* GCD__Tests.m */,
				7E813014247EA74900DD753A /* Info.plist */,
			);
			path = "GCD基础Tests";
			sourceTree = "<group>";
		};
		7E81301C247EA74900DD753A /* GCD基础UITests */ = {
			isa = PBXGroup;
			children = (
				7E81301D247EA74900DD753A /* GCD__UITests.m */,
				7E81301F247EA74900DD753A /* Info.plist */,
			);
			path = "GCD基础UITests";
			sourceTree = "<group>";
		};
/* End PBXGroup section */

/* Begin PBXNativeTarget section */
		7E812FF2247EA74700DD753A /* GCD基础 */ = {
			isa = PBXNativeTarget;
			buildConfigurationList = 7E813022247EA74900DD753A /* Build configuration list for PBXNativeTarget "GCD基础" */;
			buildPhases = (
				7E812FEF247EA74700DD753A /* Sources */,
				7E812FF0247EA74700DD753A /* Frameworks */,
				7E812FF1247EA74700DD753A /* Resources */,
			);
			buildRules = (
			);
			dependencies = (
			);
			name = "GCD基础";
			productName = "GCD基础";
			productReference = 7E812FF3247EA74700DD753A /* GCD基础.app */;
			productType = "com.apple.product-type.application";
		};
		7E81300D247EA74900DD753A /* GCD基础Tests */ = {
			isa = PBXNativeTarget;
			buildConfigurationList = 7E813025247EA74900DD753A /* Build configuration list for PBXNativeTarget "GCD基础Tests" */;
			buildPhases = (
				7E81300A247EA74900DD753A /* Sources */,
				7E81300B247EA74900DD753A /* Frameworks */,
				7E81300C247EA74900DD753A /* Resources */,
			);
			buildRules = (
			);
			dependencies = (
				7E813010247EA74900DD753A /* PBXTargetDependency */,
			);
			name = "GCD基础Tests";
			productName = "GCD基础Tests";
			productReference = 7E81300E247EA74900DD753A /* GCD基础Tests.xctest */;
			productType = "com.apple.product-type.bundle.unit-test";
		};
		7E813018247EA74900DD753A /* GCD基础UITests */ = {
			isa = PBXNativeTarget;
			buildConfigurationList = 7E813028247EA74900DD753A /* Build configuration list for PBXNativeTarget "GCD基础UITests" */;
			buildPhases = (
				7E813015247EA74900DD753A /* Sources */,
				7E813016247EA74900DD753A /* Frameworks */,
				7E813017247EA74900DD753A /* Resources */,
			);
			buildRules = (
			);
			dependencies = (
				7E81301B247EA74900DD753A /* PBXTargetDependency */,
			);
			name = "GCD基础UITests";
			productName = "GCD基础UITests";
			productReference = 7E813019247EA74900DD753A /* GCD基础UITests.xctest */;
			productType = "com.apple.product-type.bundle.ui-testing";
		};
/* End PBXNativeTarget section */

/* Begin PBXProject section */
		7E812FEB247EA74700DD753A /* Project object */ = {
			isa = PBXProject;
			attributes = {
				LastUpgradeCheck = 1130;
				ORGANIZATIONNAME = xinmei;
				TargetAttributes = {
					7E812FF2247EA74700DD753A = {
						CreatedOnToolsVersion = 11.3;
					};
					7E81300D247EA74900DD753A = {
						CreatedOnToolsVersion = 11.3;
						TestTargetID = 7E812FF2247EA74700DD753A;
					};
					7E813018247EA74900DD753A = {
						CreatedOnToolsVersion = 11.3;
						TestTargetID = 7E812FF2247EA74700DD753A;
					};
				};
			};
			buildConfigurationList = 7E812FEE247EA74700DD753A /* Build configuration list for PBXProject "GCD基础" */;
			compatibilityVersion = "Xcode 9.3";
			developmentRegion = en;
			hasScannedForEncodings = 0;
			knownRegions = (
				en,
				Base,
			);
			mainGroup = 7E812FEA247EA74700DD753A;
			productRefGroup = 7E812FF4247EA74700DD753A /* Products */;
			projectDirPath = "";
			projectRoot = "";
			targets = (
				7E812FF2247EA74700DD753A /* GCD基础 */,
				7E81300D247EA74900DD753A /* GCD基础Tests */,
				7E813018247EA74900DD753A /* GCD基础UITests */,
			);
		};
/* End PBXProject section */

/* Begin PBXResourcesBuildPhase section */
		7E812FF1247EA74700DD753A /* Resources */ = {
			isa = PBXResourcesBuildPhase;
			buildActionMask = 2147483647;
			files = (
				7E813006247EA74900DD753A /* LaunchScreen.storyboard in Resources */,
				7E813003247EA74900DD753A /* Assets.xcassets in Resources */,
				7E813001247EA74700DD753A /* Main.storyboard in Resources */,
			);
			runOnlyForDeploymentPostprocessing = 0;
		};
		7E81300C247EA74900DD753A /* Resources */ = {
			isa = PBXResourcesBuildPhase;
			buildActionMask = 2147483647;
			files = (
			);
			runOnlyForDeploymentPostprocessing = 0;
		};
		7E813017247EA74900DD753A /* Resources */ = {
			isa = PBXResourcesBuildPhase;
			buildActionMask = 2147483647;
			files = (
			);
			runOnlyForDeploymentPostprocessing = 0;
		};
/* End PBXResourcesBuildPhase section */

/* Begin PBXSourcesBuildPhase section */
		7E812FEF247EA74700DD753A /* Sources */ = {
			isa = PBXSourcesBuildPhase;
			buildActionMask = 2147483647;
			files = (
				7E812FFE247EA74700DD753A /* ViewController.m in Sources */,
				7E812FF8247EA74700DD753A /* AppDelegate.m in Sources */,
				7E813009247EA74900DD753A /* main.m in Sources */,
				7E812FFB247EA74700DD753A /* SceneDelegate.m in Sources */,
			);
			runOnlyForDeploymentPostprocessing = 0;
		};
		7E81300A247EA74900DD753A /* Sources */ = {
			isa = PBXSourcesBuildPhase;
			buildActionMask = 2147483647;
			files = (
				7E813013247EA74900DD753A /* GCD__Tests.m in Sources */,
			);
			runOnlyForDeploymentPostprocessing = 0;
		};
		7E813015247EA74900DD753A /* Sources */ = {
			isa = PBXSourcesBuildPhase;
			buildActionMask = 2147483647;
			files = (
				7E81301E247EA74900DD753A /* GCD__UITests.m in Sources */,
			);
			runOnlyForDeploymentPostprocessing = 0;
		};
/* End PBXSourcesBuildPhase section */

/* Begin PBXTargetDependency section */
		7E813010247EA74900DD753A /* PBXTargetDependency */ = {
			isa = PBXTargetDependency;
			target = 7E812FF2247EA74700DD753A /* GCD基础 */;
			targetProxy = 7E81300F247EA74900DD753A /* PBXContainerItemProxy */;
		};
		7E81301B247EA74900DD753A /* PBXTargetDependency */ = {
			isa = PBXTargetDependency;
			target = 7E812FF2247EA74700DD753A /* GCD基础 */;
			targetProxy = 7E81301A247EA74900DD753A /* PBXContainerItemProxy */;
		};
/* End PBXTargetDependency section */

/* Begin PBXVariantGroup section */
		7E812FFF247EA74700DD753A /* Main.storyboard */ = {
			isa = PBXVariantGroup;
			children = (
				7E813000247EA74700DD753A /* Base */,
			);
			name = Main.storyboard;
			sourceTree = "<group>";
		};
		7E813004247EA74900DD753A /* LaunchScreen.storyboard */ = {
			isa = PBXVariantGroup;
			children = (
				7E813005247EA74900DD753A /* Base */,
			);
			name = LaunchScreen.storyboard;
			sourceTree = "<group>";
		};
/* End PBXVariantGroup section */

/* Begin XCBuildConfiguration section */
		7E813020247EA74900DD753A /* Debug */ = {
			isa = XCBuildConfiguration;
			buildSettings = {
				ALWAYS_SEARCH_USER_PATHS = NO;
				CLANG_ANALYZER_NONNULL = YES;
				CLANG_ANALYZER_NUMBER_OBJECT_CONVERSION = YES_AGGRESSIVE;
				CLANG_CXX_LANGUAGE_STANDARD = "gnu++14";
				CLANG_CXX_LIBRARY = "libc++";
				CLANG_ENABLE_MODULES = YES;
				CLANG_ENABLE_OBJC_ARC = YES;
				CLANG_ENABLE_OBJC_WEAK = YES;
				CLANG_WARN_BLOCK_CAPTURE_AUTORELEASING = YES;
				CLANG_WARN_BOOL_CONVERSION = YES;
				CLANG_WARN_COMMA = YES;
				CLANG_WARN_CONSTANT_CONVERSION = YES;
				CLANG_WARN_DEPRECATED_OBJC_IMPLEMENTATIONS = YES;
				CLANG_WARN_DIRECT_OBJC_ISA_USAGE = YES_ERROR;
				CLANG_WARN_DOCUMENTATION_COMMENTS = YES;
				CLANG_WARN_EMPTY_BODY = YES;
				CLANG_WARN_ENUM_CONVERSION = YES;
				CLANG_WARN_INFINITE_RECURSION = YES;
				CLANG_WARN_INT_CONVERSION = YES;
				CLANG_WARN_NON_LITERAL_NULL_CONVERSION = YES;
				CLANG_WARN_OBJC_IMPLICIT_RETAIN_SELF = YES;
				CLANG_WARN_OBJC_LITERAL_CONVERSION = YES;
				CLANG_WARN_OBJC_ROOT_CLASS = YES_ERROR;
				CLANG_WARN_RANGE_LOOP_ANALYSIS = YES;
				CLANG_WARN_STRICT_PROTOTYPES = YES;
				CLANG_WARN_SUSPICIOUS_MOVE = YES;
				CLANG_WARN_UNGUARDED_AVAILABILITY = YES_AGGRESSIVE;
				CLANG_WARN_UNREACHABLE_CODE = YES;
				CLANG_WARN__DUPLICATE_METHOD_MATCH = YES;
				COPY_PHASE_STRIP = NO;
				DEBUG_INFORMATION_FORMAT = dwarf;
				ENABLE_STRICT_OBJC_MSGSEND = YES;
				ENABLE_TESTABILITY = YES;
				GCC_C_LANGUAGE_STANDARD = gnu11;
				GCC_DYNAMIC_NO_PIC = NO;
				GCC_NO_COMMON_BLOCKS = YES;
				GCC_OPTIMIZATION_LEVEL = 0;
				GCC_PREPROCESSOR_DEFINITIONS = (
					"DEBUG=1",
					"$(inherited)",
				);
				GCC_WARN_64_TO_32_BIT_CONVERSION = YES;
				GCC_WARN_ABOUT_RETURN_TYPE = YES_ERROR;
				GCC_WARN_UNDECLARED_SELECTOR = YES;
				GCC_WARN_UNINITIALIZED_AUTOS = YES_AGGRESSIVE;
				GCC_WARN_UNUSED_FUNCTION = YES;
				GCC_WARN_UNUSED_VARIABLE = YES;
				IPHONEOS_DEPLOYMENT_TARGET = 13.2;
				MTL_ENABLE_DEBUG_INFO = INCLUDE_SOURCE;
				MTL_FAST_MATH = YES;
				ONLY_ACTIVE_ARCH = YES;
				SDKROOT = iphoneos;
			};
			name = Debug;
		};
		7E813021247EA74900DD753A /* Release */ = {
			isa = XCBuildConfiguration;
			buildSettings = {
				ALWAYS_SEARCH_USER_PATHS = NO;
				CLANG_ANALYZER_NONNULL = YES;
				CLANG_ANALYZER_NUMBER_OBJECT_CONVERSION = YES_AGGRESSIVE;
				CLANG_CXX_LANGUAGE_STANDARD = "gnu++14";
				CLANG_CXX_LIBRARY = "libc++";
				CLANG_ENABLE_MODULES = YES;
				CLANG_ENABLE_OBJC_ARC = YES;
				CLANG_ENABLE_OBJC_WEAK = YES;
				CLANG_WARN_BLOCK_CAPTURE_AUTORELEASING = YES;
				CLANG_WARN_BOOL_CONVERSION = YES;
				CLANG_WARN_COMMA = YES;
				CLANG_WARN_CONSTANT_CONVERSION = YES;
				CLANG_WARN_DEPRECATED_OBJC_IMPLEMENTATIONS = YES;
				CLANG_WARN_DIRECT_OBJC_ISA_USAGE = YES_ERROR;
				CLANG_WARN_DOCUMENTATION_COMMENTS = YES;
				CLANG_WARN_EMPTY_BODY = YES;
				CLANG_WARN_ENUM_CONVERSION = YES;
				CLANG_WARN_INFINITE_RECURSION = YES;
				CLANG_WARN_INT_CONVERSION = YES;
				CLANG_WARN_NON_LITERAL_NULL_CONVERSION = YES;
				CLANG_WARN_OBJC_IMPLICIT_RETAIN_SELF = YES;
				CLANG_WARN_OBJC_LITERAL_CONVERSION = YES;
				CLANG_WARN_OBJC_ROOT_CLASS = YES_ERROR;
				CLANG_WARN_RANGE_LOOP_ANALYSIS = YES;
				CLANG_WARN_STRICT_PROTOTYPES = YES;
				CLANG_WARN_SUSPICIOUS_MOVE = YES;
				CLANG_WARN_UNGUARDED_AVAILABILITY = YES_AGGRESSIVE;
				CLANG_WARN_UNREACHABLE_CODE = YES;
				CLANG_WARN__DUPLICATE_METHOD_MATCH = YES;
				COPY_PHASE_STRIP = NO;
				DEBUG_INFORMATION_FORMAT = "dwarf-with-dsym";
				ENABLE_NS_ASSERTIONS = NO;
				ENABLE_STRICT_OBJC_MSGSEND = YES;
				GCC_C_LANGUAGE_STANDARD = gnu11;
				GCC_NO_COMMON_BLOCKS = YES;
				GCC_WARN_64_TO_32_BIT_CONVERSION = YES;
				GCC_WARN_ABOUT_RETURN_TYPE = YES_ERROR;
				GCC_WARN_UNDECLARED_SELECTOR = YES;
				GCC_WARN_UNINITIALIZED_AUTOS = YES_AGGRESSIVE;
				GCC_WARN_UNUSED_FUNCTION = YES;
				GCC_WARN_UNUSED_VARIABLE = YES;
				IPHONEOS_DEPLOYMENT_TARGET = 13.2;
				MTL_ENABLE_DEBUG_INFO = NO;
				MTL_FAST_MATH = YES;
				SDKROOT = iphoneos;
				VALIDATE_PRODUCT = YES;
			};
			name = Release;
		};
		7E813023247EA74900DD753A /* Debug */ = {
			isa = XCBuildConfiguration;
			buildSettings = {
				ASSETCATALOG_COMPILER_APPICON_NAME = AppIcon;
				CODE_SIGN_STYLE = Automatic;
				DEVELOPMENT_TEAM = 344BN3S4Y9;
				INFOPLIST_FILE = "GCD基础/Info.plist";
				LD_RUNPATH_SEARCH_PATHS = (
					"$(inherited)",
					"@executable_path/Frameworks",
				);
				PRODUCT_BUNDLE_IDENTIFIER = "com.xinmei.offer.GCD--";
				PRODUCT_NAME = "$(TARGET_NAME)";
				TARGETED_DEVICE_FAMILY = "1,2";
			};
			name = Debug;
		};
		7E813024247EA74900DD753A /* Release */ = {
			isa = XCBuildConfiguration;
			buildSettings = {
				ASSETCATALOG_COMPILER_APPICON_NAME = AppIcon;
				CODE_SIGN_STYLE = Automatic;
				DEVELOPMENT_TEAM = 344BN3S4Y9;
				INFOPLIST_FILE = "GCD基础/Info.plist";
				LD_RUNPATH_SEARCH_PATHS = (
					"$(inherited)",
					"@executable_path/Frameworks",
				);
				PRODUCT_BUNDLE_IDENTIFIER = "com.xinmei.offer.GCD--";
				PRODUCT_NAME = "$(TARGET_NAME)";
				TARGETED_DEVICE_FAMILY = "1,2";
			};
			name = Release;
		};
		7E813026247EA74900DD753A /* Debug */ = {
			isa = XCBuildConfiguration;
			buildSettings = {
				BUNDLE_LOADER = "$(TEST_HOST)";
				CODE_SIGN_STYLE = Automatic;
				DEVELOPMENT_TEAM = 344BN3S4Y9;
				INFOPLIST_FILE = "GCD基础Tests/Info.plist";
				IPHONEOS_DEPLOYMENT_TARGET = 13.2;
				LD_RUNPATH_SEARCH_PATHS = (
					"$(inherited)",
					"@executable_path/Frameworks",
					"@loader_path/Frameworks",
				);
				PRODUCT_BUNDLE_IDENTIFIER = "com.xinmei.offer.GCD--Tests";
				PRODUCT_NAME = "$(TARGET_NAME)";
				TARGETED_DEVICE_FAMILY = "1,2";
				TEST_HOST = "$(BUILT_PRODUCTS_DIR)/GCD基础.app/GCD基础";
			};
			name = Debug;
		};
		7E813027247EA74900DD753A /* Release */ = {
			isa = XCBuildConfiguration;
			buildSettings = {
				BUNDLE_LOADER = "$(TEST_HOST)";
				CODE_SIGN_STYLE = Automatic;
				DEVELOPMENT_TEAM = 344BN3S4Y9;
				INFOPLIST_FILE = "GCD基础Tests/Info.plist";
				IPHONEOS_DEPLOYMENT_TARGET = 13.2;
				LD_RUNPATH_SEARCH_PATHS = (
					"$(inherited)",
					"@executable_path/Frameworks",
					"@loader_path/Frameworks",
				);
				PRODUCT_BUNDLE_IDENTIFIER = "com.xinmei.offer.GCD--Tests";
				PRODUCT_NAME = "$(TARGET_NAME)";
				TARGETED_DEVICE_FAMILY = "1,2";
				TEST_HOST = "$(BUILT_PRODUCTS_DIR)/GCD基础.app/GCD基础";
			};
			name = Release;
		};
		7E813029247EA74900DD753A /* Debug */ = {
			isa = XCBuildConfiguration;
			buildSettings = {
				CODE_SIGN_STYLE = Automatic;
				DEVELOPMENT_TEAM = 344BN3S4Y9;
				INFOPLIST_FILE = "GCD基础UITests/Info.plist";
				LD_RUNPATH_SEARCH_PATHS = (
					"$(inherited)",
					"@executable_path/Frameworks",
					"@loader_path/Frameworks",
				);
				PRODUCT_BUNDLE_IDENTIFIER = "com.xinmei.offer.GCD--UITests";
				PRODUCT_NAME = "$(TARGET_NAME)";
				TARGETED_DEVICE_FAMILY = "1,2";
				TEST_TARGET_NAME = "GCD基础";
			};
			name = Debug;
		};
		7E81302A247EA74900DD753A /* Release */ = {
			isa = XCBuildConfiguration;
			buildSettings = {
				CODE_SIGN_STYLE = Automatic;
				DEVELOPMENT_TEAM = 344BN3S4Y9;
				INFOPLIST_FILE = "GCD基础UITests/Info.plist";
				LD_RUNPATH_SEARCH_PATHS = (
					"$(inherited)",
					"@executable_path/Frameworks",
					"@loader_path/Frameworks",
				);
				PRODUCT_BUNDLE_IDENTIFIER = "com.xinmei.offer.GCD--UITests";
				PRODUCT_NAME = "$(TARGET_NAME)";
				TARGETED_DEVICE_FAMILY = "1,2";
				TEST_TARGET_NAME = "GCD基础";
			};
			name = Release;
		};
/* End XCBuildConfiguration section */

/* Begin XCConfigurationList section */
		7E812FEE247EA74700DD753A /* Build configuration list for PBXProject "GCD基础" */ = {
			isa = XCConfigurationList;
			buildConfigurations = (
				7E813020247EA74900DD753A /* Debug */,
				7E813021247EA74900DD753A /* Release */,
			);
			defaultConfigurationIsVisible = 0;
			defaultConfigurationName = Release;
		};
		7E813022247EA74900DD753A /* Build configuration list for PBXNativeTarget "GCD基础" */ = {
			isa = XCConfigurationList;
			buildConfigurations = (
				7E813023247EA74900DD753A /* Debug */,
				7E813024247EA74900DD753A /* Release */,
			);
			defaultConfigurationIsVisible = 0;
			defaultConfigurationName = Release;
		};
		7E813025247EA74900DD753A /* Build configuration list for PBXNativeTarget "GCD基础Tests" */ = {
			isa = XCConfigurationList;
			buildConfigurations = (
				7E813026247EA74900DD753A /* Debug */,
				7E813027247EA74900DD753A /* Release */,
			);
			defaultConfigurationIsVisible = 0;
			defaultConfigurationName = Release;
		};
		7E813028247EA74900DD753A /* Build configuration list for PBXNativeTarget "GCD基础UITests" */ = {
			isa = XCConfigurationList;
			buildConfigurations = (
				7E813029247EA74900DD753A /* Debug */,
				7E81302A247EA74900DD753A /* Release */,
			);
			defaultConfigurationIsVisible = 0;
			defaultConfigurationName = Release;
		};
/* End XCConfigurationList section */
	};
	rootObject = 7E812FEB247EA74700DD753A /* Project object */;
}
