// !$*UTF8*$!
{
	archiveVersion = 1;
	classes = {
	};
	objectVersion = 50;
	objects = {

/* Begin PBXBuildFile section */
		7E4C65FC24838DC700F3BDCE /* AppDelegate.m in Sources */ = {isa = PBXBuildFile; fileRef = 7E4C65FB24838DC700F3BDCE /* AppDelegate.m */; };
		7E4C65FF24838DC700F3BDCE /* SceneDelegate.m in Sources */ = {isa = PBXBuildFile; fileRef = 7E4C65FE24838DC700F3BDCE /* SceneDelegate.m */; };
		7E4C660224838DC700F3BDCE /* ViewController.m in Sources */ = {isa = PBXBuildFile; fileRef = 7E4C660124838DC700F3BDCE /* ViewController.m */; };
		7E4C660524838DC700F3BDCE /* Main.storyboard in Resources */ = {isa = PBXBuildFile; fileRef = 7E4C660324838DC700F3BDCE /* Main.storyboard */; };
		7E4C660724838DC800F3BDCE /* Assets.xcassets in Resources */ = {isa = PBXBuildFile; fileRef = 7E4C660624838DC800F3BDCE /* Assets.xcassets */; };
		7E4C660A24838DC800F3BDCE /* LaunchScreen.storyboard in Resources */ = {isa = PBXBuildFile; fileRef = 7E4C660824838DC800F3BDCE /* LaunchScreen.storyboard */; };
		7E4C660D24838DC800F3BDCE /* main.m in Sources */ = {isa = PBXBuildFile; fileRef = 7E4C660C24838DC800F3BDCE /* main.m */; };
		7E4C661724838DC900F3BDCE /* ______Tests.m in Sources */ = {isa = PBXBuildFile; fileRef = 7E4C661624838DC900F3BDCE /* ______Tests.m */; };
		7E4C662224838DC900F3BDCE /* ______UITests.m in Sources */ = {isa = PBXBuildFile; fileRef = 7E4C662124838DC900F3BDCE /* ______UITests.m */; };
/* End PBXBuildFile section */

/* Begin PBXContainerItemProxy section */
		7E4C661324838DC900F3BDCE /* PBXContainerItemProxy */ = {
			isa = PBXContainerItemProxy;
			containerPortal = 7E4C65EF24838DC700F3BDCE /* Project object */;
			proxyType = 1;
			remoteGlobalIDString = 7E4C65F624838DC700F3BDCE;
			remoteInfo = "线程同步方案";
		};
		7E4C661E24838DC900F3BDCE /* PBXContainerItemProxy */ = {
			isa = PBXContainerItemProxy;
			containerPortal = 7E4C65EF24838DC700F3BDCE /* Project object */;
			proxyType = 1;
			remoteGlobalIDString = 7E4C65F624838DC700F3BDCE;
			remoteInfo = "线程同步方案";
		};
/* End PBXContainerItemProxy section */

/* Begin PBXFileReference section */
		7E4C65F724838DC700F3BDCE /* 线程同步方案.app */ = {isa = PBXFileReference; explicitFileType = wrapper.application; includeInIndex = 0; path = "线程同步方案.app"; sourceTree = BUILT_PRODUCTS_DIR; };
		7E4C65FA24838DC700F3BDCE /* AppDelegate.h */ = {isa = PBXFileReference; lastKnownFileType = sourcecode.c.h; path = AppDelegate.h; sourceTree = "<group>"; };
		7E4C65FB24838DC700F3BDCE /* AppDelegate.m */ = {isa = PBXFileReference; lastKnownFileType = sourcecode.c.objc; path = AppDelegate.m; sourceTree = "<group>"; };
		7E4C65FD24838DC700F3BDCE /* SceneDelegate.h */ = {isa = PBXFileReference; lastKnownFileType = sourcecode.c.h; path = SceneDelegate.h; sourceTree = "<group>"; };
		7E4C65FE24838DC700F3BDCE /* SceneDelegate.m */ = {isa = PBXFileReference; lastKnownFileType = sourcecode.c.objc; path = SceneDelegate.m; sourceTree = "<group>"; };
		7E4C660024838DC700F3BDCE /* ViewController.h */ = {isa = PBXFileReference; lastKnownFileType = sourcecode.c.h; path = ViewController.h; sourceTree = "<group>"; };
		7E4C660124838DC700F3BDCE /* ViewController.m */ = {isa = PBXFileReference; lastKnownFileType = sourcecode.c.objc; path = ViewController.m; sourceTree = "<group>"; };
		7E4C660424838DC700F3BDCE /* Base */ = {isa = PBXFileReference; lastKnownFileType = file.storyboard; name = Base; path = Base.lproj/Main.storyboard; sourceTree = "<group>"; };
		7E4C660624838DC800F3BDCE /* Assets.xcassets */ = {isa = PBXFileReference; lastKnownFileType = folder.assetcatalog; path = Assets.xcassets; sourceTree = "<group>"; };
		7E4C660924838DC800F3BDCE /* Base */ = {isa = PBXFileReference; lastKnownFileType = file.storyboard; name = Base; path = Base.lproj/LaunchScreen.storyboard; sourceTree = "<group>"; };
		7E4C660B24838DC800F3BDCE /* Info.plist */ = {isa = PBXFileReference; lastKnownFileType = text.plist.xml; path = Info.plist; sourceTree = "<group>"; };
		7E4C660C24838DC800F3BDCE /* main.m */ = {isa = PBXFileReference; lastKnownFileType = sourcecode.c.objc; path = main.m; sourceTree = "<group>"; };
		7E4C661224838DC900F3BDCE /* 线程同步方案Tests.xctest */ = {isa = PBXFileReference; explicitFileType = wrapper.cfbundle; includeInIndex = 0; path = "线程同步方案Tests.xctest"; sourceTree = BUILT_PRODUCTS_DIR; };
		7E4C661624838DC900F3BDCE /* ______Tests.m */ = {isa = PBXFileReference; lastKnownFileType = sourcecode.c.objc; path = "______Tests.m"; sourceTree = "<group>"; };
		7E4C661824838DC900F3BDCE /* Info.plist */ = {isa = PBXFileReference; lastKnownFileType = text.plist.xml; path = Info.plist; sourceTree = "<group>"; };
		7E4C661D24838DC900F3BDCE /* 线程同步方案UITests.xctest */ = {isa = PBXFileReference; explicitFileType = wrapper.cfbundle; includeInIndex = 0; path = "线程同步方案UITests.xctest"; sourceTree = BUILT_PRODUCTS_DIR; };
		7E4C662124838DC900F3BDCE /* ______UITests.m */ = {isa = PBXFileReference; lastKnownFileType = sourcecode.c.objc; path = "______UITests.m"; sourceTree = "<group>"; };
		7E4C662324838DC900F3BDCE /* Info.plist */ = {isa = PBXFileReference; lastKnownFileType = text.plist.xml; path = Info.plist; sourceTree = "<group>"; };
/* End PBXFileReference section */

/* Begin PBXFrameworksBuildPhase section */
		7E4C65F424838DC700F3BDCE /* Frameworks */ = {
			isa = PBXFrameworksBuildPhase;
			buildActionMask = 2147483647;
			files = (
			);
			runOnlyForDeploymentPostprocessing = 0;
		};
		7E4C660F24838DC900F3BDCE /* Frameworks */ = {
			isa = PBXFrameworksBuildPhase;
			buildActionMask = 2147483647;
			files = (
			);
			runOnlyForDeploymentPostprocessing = 0;
		};
		7E4C661A24838DC900F3BDCE /* Frameworks */ = {
			isa = PBXFrameworksBuildPhase;
			buildActionMask = 2147483647;
			files = (
			);
			runOnlyForDeploymentPostprocessing = 0;
		};
/* End PBXFrameworksBuildPhase section */

/* Begin PBXGroup section */
		7E4C65EE24838DC700F3BDCE = {
			isa = PBXGroup;
			children = (
				7E4C65F924838DC700F3BDCE /* 线程同步方案 */,
				7E4C661524838DC900F3BDCE /* 线程同步方案Tests */,
				7E4C662024838DC900F3BDCE /* 线程同步方案UITests */,
				7E4C65F824838DC700F3BDCE /* Products */,
			);
			sourceTree = "<group>";
		};
		7E4C65F824838DC700F3BDCE /* Products */ = {
			isa = PBXGroup;
			children = (
				7E4C65F724838DC700F3BDCE /* 线程同步方案.app */,
				7E4C661224838DC900F3BDCE /* 线程同步方案Tests.xctest */,
				7E4C661D24838DC900F3BDCE /* 线程同步方案UITests.xctest */,
			);
			name = Products;
			sourceTree = "<group>";
		};
		7E4C65F924838DC700F3BDCE /* 线程同步方案 */ = {
			isa = PBXGroup;
			children = (
				7E4C65FA24838DC700F3BDCE /* AppDelegate.h */,
				7E4C65FB24838DC700F3BDCE /* AppDelegate.m */,
				7E4C65FD24838DC700F3BDCE /* SceneDelegate.h */,
				7E4C65FE24838DC700F3BDCE /* SceneDelegate.m */,
				7E4C660024838DC700F3BDCE /* ViewController.h */,
				7E4C660124838DC700F3BDCE /* ViewController.m */,
				7E4C660324838DC700F3BDCE /* Main.storyboard */,
				7E4C660624838DC800F3BDCE /* Assets.xcassets */,
				7E4C660824838DC800F3BDCE /* LaunchScreen.storyboard */,
				7E4C660B24838DC800F3BDCE /* Info.plist */,
				7E4C660C24838DC800F3BDCE /* main.m */,
			);
			path = "线程同步方案";
			sourceTree = "<group>";
		};
		7E4C661524838DC900F3BDCE /* 线程同步方案Tests */ = {
			isa = PBXGroup;
			children = (
				7E4C661624838DC900F3BDCE /* ______Tests.m */,
				7E4C661824838DC900F3BDCE /* Info.plist */,
			);
			path = "线程同步方案Tests";
			sourceTree = "<group>";
		};
		7E4C662024838DC900F3BDCE /* 线程同步方案UITests */ = {
			isa = PBXGroup;
			children = (
				7E4C662124838DC900F3BDCE /* ______UITests.m */,
				7E4C662324838DC900F3BDCE /* Info.plist */,
			);
			path = "线程同步方案UITests";
			sourceTree = "<group>";
		};
/* End PBXGroup section */

/* Begin PBXNativeTarget section */
		7E4C65F624838DC700F3BDCE /* 线程同步方案 */ = {
			isa = PBXNativeTarget;
			buildConfigurationList = 7E4C662624838DC900F3BDCE /* Build configuration list for PBXNativeTarget "线程同步方案" */;
			buildPhases = (
				7E4C65F324838DC700F3BDCE /* Sources */,
				7E4C65F424838DC700F3BDCE /* Frameworks */,
				7E4C65F524838DC700F3BDCE /* Resources */,
			);
			buildRules = (
			);
			dependencies = (
			);
			name = "线程同步方案";
			productName = "线程同步方案";
			productReference = 7E4C65F724838DC700F3BDCE /* 线程同步方案.app */;
			productType = "com.apple.product-type.application";
		};
		7E4C661124838DC900F3BDCE /* 线程同步方案Tests */ = {
			isa = PBXNativeTarget;
			buildConfigurationList = 7E4C662924838DC900F3BDCE /* Build configuration list for PBXNativeTarget "线程同步方案Tests" */;
			buildPhases = (
				7E4C660E24838DC900F3BDCE /* Sources */,
				7E4C660F24838DC900F3BDCE /* Frameworks */,
				7E4C661024838DC900F3BDCE /* Resources */,
			);
			buildRules = (
			);
			dependencies = (
				7E4C661424838DC900F3BDCE /* PBXTargetDependency */,
			);
			name = "线程同步方案Tests";
			productName = "线程同步方案Tests";
			productReference = 7E4C661224838DC900F3BDCE /* 线程同步方案Tests.xctest */;
			productType = "com.apple.product-type.bundle.unit-test";
		};
		7E4C661C24838DC900F3BDCE /* 线程同步方案UITests */ = {
			isa = PBXNativeTarget;
			buildConfigurationList = 7E4C662C24838DC900F3BDCE /* Build configuration list for PBXNativeTarget "线程同步方案UITests" */;
			buildPhases = (
				7E4C661924838DC900F3BDCE /* Sources */,
				7E4C661A24838DC900F3BDCE /* Frameworks */,
				7E4C661B24838DC900F3BDCE /* Resources */,
			);
			buildRules = (
			);
			dependencies = (
				7E4C661F24838DC900F3BDCE /* PBXTargetDependency */,
			);
			name = "线程同步方案UITests";
			productName = "线程同步方案UITests";
			productReference = 7E4C661D24838DC900F3BDCE /* 线程同步方案UITests.xctest */;
			productType = "com.apple.product-type.bundle.ui-testing";
		};
/* End PBXNativeTarget section */

/* Begin PBXProject section */
		7E4C65EF24838DC700F3BDCE /* Project object */ = {
			isa = PBXProject;
			attributes = {
				LastUpgradeCheck = 1130;
				ORGANIZATIONNAME = xinmei;
				TargetAttributes = {
					7E4C65F624838DC700F3BDCE = {
						CreatedOnToolsVersion = 11.3;
					};
					7E4C661124838DC900F3BDCE = {
						CreatedOnToolsVersion = 11.3;
						TestTargetID = 7E4C65F624838DC700F3BDCE;
					};
					7E4C661C24838DC900F3BDCE = {
						CreatedOnToolsVersion = 11.3;
						TestTargetID = 7E4C65F624838DC700F3BDCE;
					};
				};
			};
			buildConfigurationList = 7E4C65F224838DC700F3BDCE /* Build configuration list for PBXProject "线程同步方案" */;
			compatibilityVersion = "Xcode 9.3";
			developmentRegion = en;
			hasScannedForEncodings = 0;
			knownRegions = (
				en,
				Base,
			);
			mainGroup = 7E4C65EE24838DC700F3BDCE;
			productRefGroup = 7E4C65F824838DC700F3BDCE /* Products */;
			projectDirPath = "";
			projectRoot = "";
			targets = (
				7E4C65F624838DC700F3BDCE /* 线程同步方案 */,
				7E4C661124838DC900F3BDCE /* 线程同步方案Tests */,
				7E4C661C24838DC900F3BDCE /* 线程同步方案UITests */,
			);
		};
/* End PBXProject section */

/* Begin PBXResourcesBuildPhase section */
		7E4C65F524838DC700F3BDCE /* Resources */ = {
			isa = PBXResourcesBuildPhase;
			buildActionMask = 2147483647;
			files = (
				7E4C660A24838DC800F3BDCE /* LaunchScreen.storyboard in Resources */,
				7E4C660724838DC800F3BDCE /* Assets.xcassets in Resources */,
				7E4C660524838DC700F3BDCE /* Main.storyboard in Resources */,
			);
			runOnlyForDeploymentPostprocessing = 0;
		};
		7E4C661024838DC900F3BDCE /* Resources */ = {
			isa = PBXResourcesBuildPhase;
			buildActionMask = 2147483647;
			files = (
			);
			runOnlyForDeploymentPostprocessing = 0;
		};
		7E4C661B24838DC900F3BDCE /* Resources */ = {
			isa = PBXResourcesBuildPhase;
			buildActionMask = 2147483647;
			files = (
			);
			runOnlyForDeploymentPostprocessing = 0;
		};
/* End PBXResourcesBuildPhase section */

/* Begin PBXSourcesBuildPhase section */
		7E4C65F324838DC700F3BDCE /* Sources */ = {
			isa = PBXSourcesBuildPhase;
			buildActionMask = 2147483647;
			files = (
				7E4C660224838DC700F3BDCE /* ViewController.m in Sources */,
				7E4C65FC24838DC700F3BDCE /* AppDelegate.m in Sources */,
				7E4C660D24838DC800F3BDCE /* main.m in Sources */,
				7E4C65FF24838DC700F3BDCE /* SceneDelegate.m in Sources */,
			);
			runOnlyForDeploymentPostprocessing = 0;
		};
		7E4C660E24838DC900F3BDCE /* Sources */ = {
			isa = PBXSourcesBuildPhase;
			buildActionMask = 2147483647;
			files = (
				7E4C661724838DC900F3BDCE /* ______Tests.m in Sources */,
			);
			runOnlyForDeploymentPostprocessing = 0;
		};
		7E4C661924838DC900F3BDCE /* Sources */ = {
			isa = PBXSourcesBuildPhase;
			buildActionMask = 2147483647;
			files = (
				7E4C662224838DC900F3BDCE /* ______UITests.m in Sources */,
			);
			runOnlyForDeploymentPostprocessing = 0;
		};
/* End PBXSourcesBuildPhase section */

/* Begin PBXTargetDependency section */
		7E4C661424838DC900F3BDCE /* PBXTargetDependency */ = {
			isa = PBXTargetDependency;
			target = 7E4C65F624838DC700F3BDCE /* 线程同步方案 */;
			targetProxy = 7E4C661324838DC900F3BDCE /* PBXContainerItemProxy */;
		};
		7E4C661F24838DC900F3BDCE /* PBXTargetDependency */ = {
			isa = PBXTargetDependency;
			target = 7E4C65F624838DC700F3BDCE /* 线程同步方案 */;
			targetProxy = 7E4C661E24838DC900F3BDCE /* PBXContainerItemProxy */;
		};
/* End PBXTargetDependency section */

/* Begin PBXVariantGroup section */
		7E4C660324838DC700F3BDCE /* Main.storyboard */ = {
			isa = PBXVariantGroup;
			children = (
				7E4C660424838DC700F3BDCE /* Base */,
			);
			name = Main.storyboard;
			sourceTree = "<group>";
		};
		7E4C660824838DC800F3BDCE /* LaunchScreen.storyboard */ = {
			isa = PBXVariantGroup;
			children = (
				7E4C660924838DC800F3BDCE /* Base */,
			);
			name = LaunchScreen.storyboard;
			sourceTree = "<group>";
		};
/* End PBXVariantGroup section */

/* Begin XCBuildConfiguration section */
		7E4C662424838DC900F3BDCE /* Debug */ = {
			isa = XCBuildConfiguration;
			buildSettings = {
				ALWAYS_SEARCH_USER_PATHS = NO;
				CLANG_ANALYZER_NONNULL = YES;
				CLANG_ANALYZER_NUMBER_OBJECT_CONVERSION = YES_AGGRESSIVE;
				CLANG_CXX_LANGUAGE_STANDARD = "gnu++14";
				CLANG_CXX_LIBRARY = "libc++";
				CLANG_ENABLE_MODULES = YES;
				CLANG_ENABLE_OBJC_ARC = YES;
				CLANG_ENABLE_OBJC_WEAK = YES;
				CLANG_WARN_BLOCK_CAPTURE_AUTORELEASING = YES;
				CLANG_WARN_BOOL_CONVERSION = YES;
				CLANG_WARN_COMMA = YES;
				CLANG_WARN_CONSTANT_CONVERSION = YES;
				CLANG_WARN_DEPRECATED_OBJC_IMPLEMENTATIONS = YES;
				CLANG_WARN_DIRECT_OBJC_ISA_USAGE = YES_ERROR;
				CLANG_WARN_DOCUMENTATION_COMMENTS = YES;
				CLANG_WARN_EMPTY_BODY = YES;
				CLANG_WARN_ENUM_CONVERSION = YES;
				CLANG_WARN_INFINITE_RECURSION = YES;
				CLANG_WARN_INT_CONVERSION = YES;
				CLANG_WARN_NON_LITERAL_NULL_CONVERSION = YES;
				CLANG_WARN_OBJC_IMPLICIT_RETAIN_SELF = YES;
				CLANG_WARN_OBJC_LITERAL_CONVERSION = YES;
				CLANG_WARN_OBJC_ROOT_CLASS = YES_ERROR;
				CLANG_WARN_RANGE_LOOP_ANALYSIS = YES;
				CLANG_WARN_STRICT_PROTOTYPES = YES;
				CLANG_WARN_SUSPICIOUS_MOVE = YES;
				CLANG_WARN_UNGUARDED_AVAILABILITY = YES_AGGRESSIVE;
				CLANG_WARN_UNREACHABLE_CODE = YES;
				CLANG_WARN__DUPLICATE_METHOD_MATCH = YES;
				COPY_PHASE_STRIP = NO;
				DEBUG_INFORMATION_FORMAT = dwarf;
				ENABLE_STRICT_OBJC_MSGSEND = YES;
				ENABLE_TESTABILITY = YES;
				GCC_C_LANGUAGE_STANDARD = gnu11;
				GCC_DYNAMIC_NO_PIC = NO;
				GCC_NO_COMMON_BLOCKS = YES;
				GCC_OPTIMIZATION_LEVEL = 0;
				GCC_PREPROCESSOR_DEFINITIONS = (
					"DEBUG=1",
					"$(inherited)",
				);
				GCC_WARN_64_TO_32_BIT_CONVERSION = YES;
				GCC_WARN_ABOUT_RETURN_TYPE = YES_ERROR;
				GCC_WARN_UNDECLARED_SELECTOR = YES;
				GCC_WARN_UNINITIALIZED_AUTOS = YES_AGGRESSIVE;
				GCC_WARN_UNUSED_FUNCTION = YES;
				GCC_WARN_UNUSED_VARIABLE = YES;
				IPHONEOS_DEPLOYMENT_TARGET = 13.2;
				MTL_ENABLE_DEBUG_INFO = INCLUDE_SOURCE;
				MTL_FAST_MATH = YES;
				ONLY_ACTIVE_ARCH = YES;
				SDKROOT = iphoneos;
			};
			name = Debug;
		};
		7E4C662524838DC900F3BDCE /* Release */ = {
			isa = XCBuildConfiguration;
			buildSettings = {
				ALWAYS_SEARCH_USER_PATHS = NO;
				CLANG_ANALYZER_NONNULL = YES;
				CLANG_ANALYZER_NUMBER_OBJECT_CONVERSION = YES_AGGRESSIVE;
				CLANG_CXX_LANGUAGE_STANDARD = "gnu++14";
				CLANG_CXX_LIBRARY = "libc++";
				CLANG_ENABLE_MODULES = YES;
				CLANG_ENABLE_OBJC_ARC = YES;
				CLANG_ENABLE_OBJC_WEAK = YES;
				CLANG_WARN_BLOCK_CAPTURE_AUTORELEASING = YES;
				CLANG_WARN_BOOL_CONVERSION = YES;
				CLANG_WARN_COMMA = YES;
				CLANG_WARN_CONSTANT_CONVERSION = YES;
				CLANG_WARN_DEPRECATED_OBJC_IMPLEMENTATIONS = YES;
				CLANG_WARN_DIRECT_OBJC_ISA_USAGE = YES_ERROR;
				CLANG_WARN_DOCUMENTATION_COMMENTS = YES;
				CLANG_WARN_EMPTY_BODY = YES;
				CLANG_WARN_ENUM_CONVERSION = YES;
				CLANG_WARN_INFINITE_RECURSION = YES;
				CLANG_WARN_INT_CONVERSION = YES;
				CLANG_WARN_NON_LITERAL_NULL_CONVERSION = YES;
				CLANG_WARN_OBJC_IMPLICIT_RETAIN_SELF = YES;
				CLANG_WARN_OBJC_LITERAL_CONVERSION = YES;
				CLANG_WARN_OBJC_ROOT_CLASS = YES_ERROR;
				CLANG_WARN_RANGE_LOOP_ANALYSIS = YES;
				CLANG_WARN_STRICT_PROTOTYPES = YES;
				CLANG_WARN_SUSPICIOUS_MOVE = YES;
				CLANG_WARN_UNGUARDED_AVAILABILITY = YES_AGGRESSIVE;
				CLANG_WARN_UNREACHABLE_CODE = YES;
				CLANG_WARN__DUPLICATE_METHOD_MATCH = YES;
				COPY_PHASE_STRIP = NO;
				DEBUG_INFORMATION_FORMAT = "dwarf-with-dsym";
				ENABLE_NS_ASSERTIONS = NO;
				ENABLE_STRICT_OBJC_MSGSEND = YES;
				GCC_C_LANGUAGE_STANDARD = gnu11;
				GCC_NO_COMMON_BLOCKS = YES;
				GCC_WARN_64_TO_32_BIT_CONVERSION = YES;
				GCC_WARN_ABOUT_RETURN_TYPE = YES_ERROR;
				GCC_WARN_UNDECLARED_SELECTOR = YES;
				GCC_WARN_UNINITIALIZED_AUTOS = YES_AGGRESSIVE;
				GCC_WARN_UNUSED_FUNCTION = YES;
				GCC_WARN_UNUSED_VARIABLE = YES;
				IPHONEOS_DEPLOYMENT_TARGET = 13.2;
				MTL_ENABLE_DEBUG_INFO = NO;
				MTL_FAST_MATH = YES;
				SDKROOT = iphoneos;
				VALIDATE_PRODUCT = YES;
			};
			name = Release;
		};
		7E4C662724838DC900F3BDCE /* Debug */ = {
			isa = XCBuildConfiguration;
			buildSettings = {
				ASSETCATALOG_COMPILER_APPICON_NAME = AppIcon;
				CODE_SIGN_STYLE = Automatic;
				DEVELOPMENT_TEAM = 344BN3S4Y9;
				INFOPLIST_FILE = "线程同步方案/Info.plist";
				LD_RUNPATH_SEARCH_PATHS = (
					"$(inherited)",
					"@executable_path/Frameworks",
				);
				PRODUCT_BUNDLE_IDENTIFIER = "com.xinmei.offer.------";
				PRODUCT_NAME = "$(TARGET_NAME)";
				TARGETED_DEVICE_FAMILY = "1,2";
			};
			name = Debug;
		};
		7E4C662824838DC900F3BDCE /* Release */ = {
			isa = XCBuildConfiguration;
			buildSettings = {
				ASSETCATALOG_COMPILER_APPICON_NAME = AppIcon;
				CODE_SIGN_STYLE = Automatic;
				DEVELOPMENT_TEAM = 344BN3S4Y9;
				INFOPLIST_FILE = "线程同步方案/Info.plist";
				LD_RUNPATH_SEARCH_PATHS = (
					"$(inherited)",
					"@executable_path/Frameworks",
				);
				PRODUCT_BUNDLE_IDENTIFIER = "com.xinmei.offer.------";
				PRODUCT_NAME = "$(TARGET_NAME)";
				TARGETED_DEVICE_FAMILY = "1,2";
			};
			name = Release;
		};
		7E4C662A24838DC900F3BDCE /* Debug */ = {
			isa = XCBuildConfiguration;
			buildSettings = {
				BUNDLE_LOADER = "$(TEST_HOST)";
				CODE_SIGN_STYLE = Automatic;
				DEVELOPMENT_TEAM = 344BN3S4Y9;
				INFOPLIST_FILE = "线程同步方案Tests/Info.plist";
				IPHONEOS_DEPLOYMENT_TARGET = 13.2;
				LD_RUNPATH_SEARCH_PATHS = (
					"$(inherited)",
					"@executable_path/Frameworks",
					"@loader_path/Frameworks",
				);
				PRODUCT_BUNDLE_IDENTIFIER = "com.xinmei.offer.------Tests";
				PRODUCT_NAME = "$(TARGET_NAME)";
				TARGETED_DEVICE_FAMILY = "1,2";
				TEST_HOST = "$(BUILT_PRODUCTS_DIR)/线程同步方案.app/线程同步方案";
			};
			name = Debug;
		};
		7E4C662B24838DC900F3BDCE /* Release */ = {
			isa = XCBuildConfiguration;
			buildSettings = {
				BUNDLE_LOADER = "$(TEST_HOST)";
				CODE_SIGN_STYLE = Automatic;
				DEVELOPMENT_TEAM = 344BN3S4Y9;
				INFOPLIST_FILE = "线程同步方案Tests/Info.plist";
				IPHONEOS_DEPLOYMENT_TARGET = 13.2;
				LD_RUNPATH_SEARCH_PATHS = (
					"$(inherited)",
					"@executable_path/Frameworks",
					"@loader_path/Frameworks",
				);
				PRODUCT_BUNDLE_IDENTIFIER = "com.xinmei.offer.------Tests";
				PRODUCT_NAME = "$(TARGET_NAME)";
				TARGETED_DEVICE_FAMILY = "1,2";
				TEST_HOST = "$(BUILT_PRODUCTS_DIR)/线程同步方案.app/线程同步方案";
			};
			name = Release;
		};
		7E4C662D24838DC900F3BDCE /* Debug */ = {
			isa = XCBuildConfiguration;
			buildSettings = {
				CODE_SIGN_STYLE = Automatic;
				DEVELOPMENT_TEAM = 344BN3S4Y9;
				INFOPLIST_FILE = "线程同步方案UITests/Info.plist";
				LD_RUNPATH_SEARCH_PATHS = (
					"$(inherited)",
					"@executable_path/Frameworks",
					"@loader_path/Frameworks",
				);
				PRODUCT_BUNDLE_IDENTIFIER = "com.xinmei.offer.------UITests";
				PRODUCT_NAME = "$(TARGET_NAME)";
				TARGETED_DEVICE_FAMILY = "1,2";
				TEST_TARGET_NAME = "线程同步方案";
			};
			name = Debug;
		};
		7E4C662E24838DC900F3BDCE /* Release */ = {
			isa = XCBuildConfiguration;
			buildSettings = {
				CODE_SIGN_STYLE = Automatic;
				DEVELOPMENT_TEAM = 344BN3S4Y9;
				INFOPLIST_FILE = "线程同步方案UITests/Info.plist";
				LD_RUNPATH_SEARCH_PATHS = (
					"$(inherited)",
					"@executable_path/Frameworks",
					"@loader_path/Frameworks",
				);
				PRODUCT_BUNDLE_IDENTIFIER = "com.xinmei.offer.------UITests";
				PRODUCT_NAME = "$(TARGET_NAME)";
				TARGETED_DEVICE_FAMILY = "1,2";
				TEST_TARGET_NAME = "线程同步方案";
			};
			name = Release;
		};
/* End XCBuildConfiguration section */

/* Begin XCConfigurationList section */
		7E4C65F224838DC700F3BDCE /* Build configuration list for PBXProject "线程同步方案" */ = {
			isa = XCConfigurationList;
			buildConfigurations = (
				7E4C662424838DC900F3BDCE /* Debug */,
				7E4C662524838DC900F3BDCE /* Release */,
			);
			defaultConfigurationIsVisible = 0;
			defaultConfigurationName = Release;
		};
		7E4C662624838DC900F3BDCE /* Build configuration list for PBXNativeTarget "线程同步方案" */ = {
			isa = XCConfigurationList;
			buildConfigurations = (
				7E4C662724838DC900F3BDCE /* Debug */,
				7E4C662824838DC900F3BDCE /* Release */,
			);
			defaultConfigurationIsVisible = 0;
			defaultConfigurationName = Release;
		};
		7E4C662924838DC900F3BDCE /* Build configuration list for PBXNativeTarget "线程同步方案Tests" */ = {
			isa = XCConfigurationList;
			buildConfigurations = (
				7E4C662A24838DC900F3BDCE /* Debug */,
				7E4C662B24838DC900F3BDCE /* Release */,
			);
			defaultConfigurationIsVisible = 0;
			defaultConfigurationName = Release;
		};
		7E4C662C24838DC900F3BDCE /* Build configuration list for PBXNativeTarget "线程同步方案UITests" */ = {
			isa = XCConfigurationList;
			buildConfigurations = (
				7E4C662D24838DC900F3BDCE /* Debug */,
				7E4C662E24838DC900F3BDCE /* Release */,
			);
			defaultConfigurationIsVisible = 0;
			defaultConfigurationName = Release;
		};
/* End XCConfigurationList section */
	};
	rootObject = 7E4C65EF24838DC700F3BDCE /* Project object */;
}
